// !$*UTF8*$!
{
	archiveVersion = 1;
	classes = {
	};
	objectVersion = 46;
	objects = {

/* Begin PBXBuildFile section */
		94602F8815E6E7CB00D06A28 /* FNSCheckinViewController.m in Sources */ = {isa = PBXBuildFile; fileRef = 94602F8715E6E7CB00D06A28 /* FNSCheckinViewController.m */; };
		94602F8B15E6E7F300D06A28 /* FNSCheckinViewController_iPhone.xib in Resources */ = {isa = PBXBuildFile; fileRef = 94602F8A15E6E7F200D06A28 /* FNSCheckinViewController_iPhone.xib */; };
		94602F8D15E6E85000D06A28 /* FNSCheckinViewController_iPad.xib in Resources */ = {isa = PBXBuildFile; fileRef = 94602F8C15E6E85000D06A28 /* FNSCheckinViewController_iPad.xib */; };
		94D97E6D15E685AF007265AF /* UIKit.framework in Frameworks */ = {isa = PBXBuildFile; fileRef = 94D97E6C15E685AF007265AF /* UIKit.framework */; };
		94D97E6F15E685AF007265AF /* Foundation.framework in Frameworks */ = {isa = PBXBuildFile; fileRef = 94D97E6E15E685AF007265AF /* Foundation.framework */; };
		94D97E7115E685AF007265AF /* CoreGraphics.framework in Frameworks */ = {isa = PBXBuildFile; fileRef = 94D97E7015E685AF007265AF /* CoreGraphics.framework */; };
		94D97E7715E685AF007265AF /* InfoPlist.strings in Resources */ = {isa = PBXBuildFile; fileRef = 94D97E7515E685AF007265AF /* InfoPlist.strings */; };
		94D97E7915E685AF007265AF /* main.m in Sources */ = {isa = PBXBuildFile; fileRef = 94D97E7815E685AF007265AF /* main.m */; };
		94D97E7D15E685AF007265AF /* FNSAppDelegate.m in Sources */ = {isa = PBXBuildFile; fileRef = 94D97E7C15E685AF007265AF /* FNSAppDelegate.m */; };
		94D97E8015E685AF007265AF /* FNSFirstViewController.m in Sources */ = {isa = PBXBuildFile; fileRef = 94D97E7F15E685AF007265AF /* FNSFirstViewController.m */; };
		94D97E8215E685AF007265AF /* first.png in Resources */ = {isa = PBXBuildFile; fileRef = 94D97E8115E685AF007265AF /* first.png */; };
		94D97E8415E685AF007265AF /* first@2x.png in Resources */ = {isa = PBXBuildFile; fileRef = 94D97E8315E685AF007265AF /* first@2x.png */; };
		94D97E8715E685AF007265AF /* FNSSecondViewController.m in Sources */ = {isa = PBXBuildFile; fileRef = 94D97E8615E685AF007265AF /* FNSSecondViewController.m */; };
		94D97E8915E685AF007265AF /* second.png in Resources */ = {isa = PBXBuildFile; fileRef = 94D97E8815E685AF007265AF /* second.png */; };
		94D97E8B15E685AF007265AF /* second@2x.png in Resources */ = {isa = PBXBuildFile; fileRef = 94D97E8A15E685AF007265AF /* second@2x.png */; };
		94D97E8E15E685AF007265AF /* FNSFirstViewController_iPhone.xib in Resources */ = {isa = PBXBuildFile; fileRef = 94D97E8C15E685AF007265AF /* FNSFirstViewController_iPhone.xib */; };
		94D97E9115E685AF007265AF /* FNSFirstViewController_iPad.xib in Resources */ = {isa = PBXBuildFile; fileRef = 94D97E8F15E685AF007265AF /* FNSFirstViewController_iPad.xib */; };
		94D97E9415E685AF007265AF /* FNSSecondViewController_iPhone.xib in Resources */ = {isa = PBXBuildFile; fileRef = 94D97E9215E685AF007265AF /* FNSSecondViewController_iPhone.xib */; };
		94D97E9715E685AF007265AF /* FNSSecondViewController_iPad.xib in Resources */ = {isa = PBXBuildFile; fileRef = 94D97E9515E685AF007265AF /* FNSSecondViewController_iPad.xib */; };
		94D97E9F15E685AF007265AF /* SenTestingKit.framework in Frameworks */ = {isa = PBXBuildFile; fileRef = 94D97E9E15E685AF007265AF /* SenTestingKit.framework */; };
		94D97EA015E685AF007265AF /* UIKit.framework in Frameworks */ = {isa = PBXBuildFile; fileRef = 94D97E6C15E685AF007265AF /* UIKit.framework */; };
		94D97EA115E685AF007265AF /* Foundation.framework in Frameworks */ = {isa = PBXBuildFile; fileRef = 94D97E6E15E685AF007265AF /* Foundation.framework */; };
		94D97EA915E685AF007265AF /* InfoPlist.strings in Resources */ = {isa = PBXBuildFile; fileRef = 94D97EA715E685AF007265AF /* InfoPlist.strings */; };
		94D97EAC15E685AF007265AF /* fencesterTests.m in Sources */ = {isa = PBXBuildFile; fileRef = 94D97EAB15E685AF007265AF /* fencesterTests.m */; };
		94D97F3415E68676007265AF /* libUAirship-1.3.2.a in Frameworks */ = {isa = PBXBuildFile; fileRef = 94D97F1615E68676007265AF /* libUAirship-1.3.2.a */; };
		94D97F3515E68676007265AF /* libUAirshipPush-1.3.2.a in Frameworks */ = {isa = PBXBuildFile; fileRef = 94D97F1715E68676007265AF /* libUAirshipPush-1.3.2.a */; };
		94D97F3915E68B32007265AF /* AudioToolbox.framework in Frameworks */ = {isa = PBXBuildFile; fileRef = 94D97F3815E68B32007265AF /* AudioToolbox.framework */; };
		94D97F3B15E68B38007265AF /* MessageUI.framework in Frameworks */ = {isa = PBXBuildFile; fileRef = 94D97F3A15E68B38007265AF /* MessageUI.framework */; };
		94D97F3D15E68B45007265AF /* CFNetwork.framework in Frameworks */ = {isa = PBXBuildFile; fileRef = 94D97F3C15E68B45007265AF /* CFNetwork.framework */; };
		94D97F3F15E68B60007265AF /* MobileCoreServices.framework in Frameworks */ = {isa = PBXBuildFile; fileRef = 94D97F3E15E68B60007265AF /* MobileCoreServices.framework */; };
		94D97F4115E68B6F007265AF /* SystemConfiguration.framework in Frameworks */ = {isa = PBXBuildFile; fileRef = 94D97F4015E68B6F007265AF /* SystemConfiguration.framework */; };
		94D97F4315E68B76007265AF /* Security.framework in Frameworks */ = {isa = PBXBuildFile; fileRef = 94D97F4215E68B76007265AF /* Security.framework */; };
		94D97F4515E68B88007265AF /* libz.dylib in Frameworks */ = {isa = PBXBuildFile; fileRef = 94D97F4415E68B88007265AF /* libz.dylib */; };
		94D97F4715E68B8F007265AF /* libsqlite3.dylib in Frameworks */ = {isa = PBXBuildFile; fileRef = 94D97F4615E68B8F007265AF /* libsqlite3.dylib */; };
		94D97F4915E68B99007265AF /* CoreTelephony.framework in Frameworks */ = {isa = PBXBuildFile; fileRef = 94D97F4815E68B99007265AF /* CoreTelephony.framework */; };
		94D97F4B15E68BA1007265AF /* StoreKit.framework in Frameworks */ = {isa = PBXBuildFile; fileRef = 94D97F4A15E68BA1007265AF /* StoreKit.framework */; };
		94D97F4D15E68BDE007265AF /* CoreLocation.framework in Frameworks */ = {isa = PBXBuildFile; fileRef = 94D97F4C15E68BDE007265AF /* CoreLocation.framework */; };
		94D97F4F15E690D7007265AF /* FacebookSDK.framework in Frameworks */ = {isa = PBXBuildFile; fileRef = 94D97F4E15E690D7007265AF /* FacebookSDK.framework */; };
		94D97F5115E6915A007265AF /* FacebookSDKResources.bundle in Resources */ = {isa = PBXBuildFile; fileRef = 94D97F5015E6915A007265AF /* FacebookSDKResources.bundle */; };
/* End PBXBuildFile section */

/* Begin PBXContainerItemProxy section */
		94D97EA215E685AF007265AF /* PBXContainerItemProxy */ = {
			isa = PBXContainerItemProxy;
			containerPortal = 94D97E5F15E685AF007265AF /* Project object */;
			proxyType = 1;
			remoteGlobalIDString = 94D97E6715E685AF007265AF;
			remoteInfo = fencester;
		};
/* End PBXContainerItemProxy section */

/* Begin PBXFileReference section */
		94602F8615E6E7CB00D06A28 /* FNSCheckinViewController.h */ = {isa = PBXFileReference; fileEncoding = 4; lastKnownFileType = sourcecode.c.h; path = FNSCheckinViewController.h; sourceTree = "<group>"; };
		94602F8715E6E7CB00D06A28 /* FNSCheckinViewController.m */ = {isa = PBXFileReference; fileEncoding = 4; lastKnownFileType = sourcecode.c.objc; path = FNSCheckinViewController.m; sourceTree = "<group>"; };
		94602F8A15E6E7F200D06A28 /* FNSCheckinViewController_iPhone.xib */ = {isa = PBXFileReference; fileEncoding = 4; lastKnownFileType = file.xib; path = FNSCheckinViewController_iPhone.xib; sourceTree = "<group>"; };
		94602F8C15E6E85000D06A28 /* FNSCheckinViewController_iPad.xib */ = {isa = PBXFileReference; fileEncoding = 4; lastKnownFileType = file.xib; path = FNSCheckinViewController_iPad.xib; sourceTree = "<group>"; };
		94D97E6815E685AF007265AF /* fencester.app */ = {isa = PBXFileReference; explicitFileType = wrapper.application; includeInIndex = 0; path = fencester.app; sourceTree = BUILT_PRODUCTS_DIR; };
		94D97E6C15E685AF007265AF /* UIKit.framework */ = {isa = PBXFileReference; lastKnownFileType = wrapper.framework; name = UIKit.framework; path = System/Library/Frameworks/UIKit.framework; sourceTree = SDKROOT; };
		94D97E6E15E685AF007265AF /* Foundation.framework */ = {isa = PBXFileReference; lastKnownFileType = wrapper.framework; name = Foundation.framework; path = System/Library/Frameworks/Foundation.framework; sourceTree = SDKROOT; };
		94D97E7015E685AF007265AF /* CoreGraphics.framework */ = {isa = PBXFileReference; lastKnownFileType = wrapper.framework; name = CoreGraphics.framework; path = System/Library/Frameworks/CoreGraphics.framework; sourceTree = SDKROOT; };
		94D97E7415E685AF007265AF /* fencester-Info.plist */ = {isa = PBXFileReference; lastKnownFileType = text.plist.xml; path = "fencester-Info.plist"; sourceTree = "<group>"; };
		94D97E7615E685AF007265AF /* en */ = {isa = PBXFileReference; lastKnownFileType = text.plist.strings; name = en; path = en.lproj/InfoPlist.strings; sourceTree = "<group>"; };
		94D97E7815E685AF007265AF /* main.m */ = {isa = PBXFileReference; lastKnownFileType = sourcecode.c.objc; path = main.m; sourceTree = "<group>"; };
		94D97E7A15E685AF007265AF /* fencester-Prefix.pch */ = {isa = PBXFileReference; lastKnownFileType = sourcecode.c.h; path = "fencester-Prefix.pch"; sourceTree = "<group>"; };
		94D97E7B15E685AF007265AF /* FNSAppDelegate.h */ = {isa = PBXFileReference; lastKnownFileType = sourcecode.c.h; path = FNSAppDelegate.h; sourceTree = "<group>"; };
		94D97E7C15E685AF007265AF /* FNSAppDelegate.m */ = {isa = PBXFileReference; lastKnownFileType = sourcecode.c.objc; path = FNSAppDelegate.m; sourceTree = "<group>"; };
		94D97E7E15E685AF007265AF /* FNSFirstViewController.h */ = {isa = PBXFileReference; lastKnownFileType = sourcecode.c.h; path = FNSFirstViewController.h; sourceTree = "<group>"; };
		94D97E7F15E685AF007265AF /* FNSFirstViewController.m */ = {isa = PBXFileReference; lastKnownFileType = sourcecode.c.objc; path = FNSFirstViewController.m; sourceTree = "<group>"; };
		94D97E8115E685AF007265AF /* first.png */ = {isa = PBXFileReference; lastKnownFileType = image.png; path = first.png; sourceTree = "<group>"; };
		94D97E8315E685AF007265AF /* first@2x.png */ = {isa = PBXFileReference; lastKnownFileType = image.png; path = "first@2x.png"; sourceTree = "<group>"; };
		94D97E8515E685AF007265AF /* FNSSecondViewController.h */ = {isa = PBXFileReference; lastKnownFileType = sourcecode.c.h; path = FNSSecondViewController.h; sourceTree = "<group>"; };
		94D97E8615E685AF007265AF /* FNSSecondViewController.m */ = {isa = PBXFileReference; lastKnownFileType = sourcecode.c.objc; path = FNSSecondViewController.m; sourceTree = "<group>"; };
		94D97E8815E685AF007265AF /* second.png */ = {isa = PBXFileReference; lastKnownFileType = image.png; path = second.png; sourceTree = "<group>"; };
		94D97E8A15E685AF007265AF /* second@2x.png */ = {isa = PBXFileReference; lastKnownFileType = image.png; path = "second@2x.png"; sourceTree = "<group>"; };
		94D97E8D15E685AF007265AF /* en */ = {isa = PBXFileReference; lastKnownFileType = file.xib; name = en; path = en.lproj/FNSFirstViewController_iPhone.xib; sourceTree = "<group>"; };
		94D97E9015E685AF007265AF /* en */ = {isa = PBXFileReference; lastKnownFileType = file.xib; name = en; path = en.lproj/FNSFirstViewController_iPad.xib; sourceTree = "<group>"; };
		94D97E9315E685AF007265AF /* en */ = {isa = PBXFileReference; lastKnownFileType = file.xib; name = en; path = en.lproj/FNSSecondViewController_iPhone.xib; sourceTree = "<group>"; };
		94D97E9615E685AF007265AF /* en */ = {isa = PBXFileReference; lastKnownFileType = file.xib; name = en; path = en.lproj/FNSSecondViewController_iPad.xib; sourceTree = "<group>"; };
		94D97E9D15E685AF007265AF /* fencesterTests.octest */ = {isa = PBXFileReference; explicitFileType = wrapper.cfbundle; includeInIndex = 0; path = fencesterTests.octest; sourceTree = BUILT_PRODUCTS_DIR; };
		94D97E9E15E685AF007265AF /* SenTestingKit.framework */ = {isa = PBXFileReference; lastKnownFileType = wrapper.framework; name = SenTestingKit.framework; path = Library/Frameworks/SenTestingKit.framework; sourceTree = DEVELOPER_DIR; };
		94D97EA615E685AF007265AF /* fencesterTests-Info.plist */ = {isa = PBXFileReference; lastKnownFileType = text.plist.xml; path = "fencesterTests-Info.plist"; sourceTree = "<group>"; };
		94D97EA815E685AF007265AF /* en */ = {isa = PBXFileReference; lastKnownFileType = text.plist.strings; name = en; path = en.lproj/InfoPlist.strings; sourceTree = "<group>"; };
		94D97EAA15E685AF007265AF /* fencesterTests.h */ = {isa = PBXFileReference; lastKnownFileType = sourcecode.c.h; path = fencesterTests.h; sourceTree = "<group>"; };
		94D97EAB15E685AF007265AF /* fencesterTests.m */ = {isa = PBXFileReference; lastKnownFileType = sourcecode.c.objc; path = fencesterTests.m; sourceTree = "<group>"; };
		94D97EB515E685ED007265AF /* fencester.entitlements */ = {isa = PBXFileReference; lastKnownFileType = text.xml; path = fencester.entitlements; sourceTree = "<group>"; };
		94D97EB915E68676007265AF /* UAAnalytics.h */ = {isa = PBXFileReference; fileEncoding = 4; lastKnownFileType = sourcecode.c.h; path = UAAnalytics.h; sourceTree = "<group>"; };
		94D97EBA15E68676007265AF /* UAAnalyticsDBManager.h */ = {isa = PBXFileReference; fileEncoding = 4; lastKnownFileType = sourcecode.c.h; path = UAAnalyticsDBManager.h; sourceTree = "<group>"; };
		94D97EBB15E68676007265AF /* UAAsycImageView.h */ = {isa = PBXFileReference; fileEncoding = 4; lastKnownFileType = sourcecode.c.h; path = UAAsycImageView.h; sourceTree = "<group>"; };
		94D97EBC15E68676007265AF /* UABarButtonSegmentedControl.h */ = {isa = PBXFileReference; fileEncoding = 4; lastKnownFileType = sourcecode.c.h; path = UABarButtonSegmentedControl.h; sourceTree = "<group>"; };
		94D97EBD15E68676007265AF /* UABaseLocationProvider.h */ = {isa = PBXFileReference; fileEncoding = 4; lastKnownFileType = sourcecode.c.h; path = UABaseLocationProvider.h; sourceTree = "<group>"; };
		94D97EBE15E68676007265AF /* UAContentURLCache.h */ = {isa = PBXFileReference; fileEncoding = 4; lastKnownFileType = sourcecode.c.h; path = UAContentURLCache.h; sourceTree = "<group>"; };
		94D97EBF15E68676007265AF /* UADateUtils.h */ = {isa = PBXFileReference; fileEncoding = 4; lastKnownFileType = sourcecode.c.h; path = UADateUtils.h; sourceTree = "<group>"; };
		94D97EC015E68676007265AF /* UADownloadContent.h */ = {isa = PBXFileReference; fileEncoding = 4; lastKnownFileType = sourcecode.c.h; path = UADownloadContent.h; sourceTree = "<group>"; };
		94D97EC115E68676007265AF /* UADownloadManager.h */ = {isa = PBXFileReference; fileEncoding = 4; lastKnownFileType = sourcecode.c.h; path = UADownloadManager.h; sourceTree = "<group>"; };
		94D97EC215E68676007265AF /* UAEvent.h */ = {isa = PBXFileReference; fileEncoding = 4; lastKnownFileType = sourcecode.c.h; path = UAEvent.h; sourceTree = "<group>"; };
		94D97EC315E68676007265AF /* UAGlobal.h */ = {isa = PBXFileReference; fileEncoding = 4; lastKnownFileType = sourcecode.c.h; path = UAGlobal.h; sourceTree = "<group>"; };
		94D97EC415E68676007265AF /* UAHTTPConnection.h */ = {isa = PBXFileReference; fileEncoding = 4; lastKnownFileType = sourcecode.c.h; path = UAHTTPConnection.h; sourceTree = "<group>"; };
		94D97EC515E68676007265AF /* UAKeychainUtils.h */ = {isa = PBXFileReference; fileEncoding = 4; lastKnownFileType = sourcecode.c.h; path = UAKeychainUtils.h; sourceTree = "<group>"; };
		94D97EC615E68676007265AF /* UALocalStorageDirectory.h */ = {isa = PBXFileReference; fileEncoding = 4; lastKnownFileType = sourcecode.c.h; path = UALocalStorageDirectory.h; sourceTree = "<group>"; };
		94D97EC715E68676007265AF /* UALocationCommonValues.h */ = {isa = PBXFileReference; fileEncoding = 4; lastKnownFileType = sourcecode.c.h; path = UALocationCommonValues.h; sourceTree = "<group>"; };
		94D97EC815E68676007265AF /* UALocationEvent.h */ = {isa = PBXFileReference; fileEncoding = 4; lastKnownFileType = sourcecode.c.h; path = UALocationEvent.h; sourceTree = "<group>"; };
		94D97EC915E68676007265AF /* UALocationProviderDelegate.h */ = {isa = PBXFileReference; fileEncoding = 4; lastKnownFileType = sourcecode.c.h; path = UALocationProviderDelegate.h; sourceTree = "<group>"; };
		94D97ECA15E68676007265AF /* UALocationProviderProtocol.h */ = {isa = PBXFileReference; fileEncoding = 4; lastKnownFileType = sourcecode.c.h; path = UALocationProviderProtocol.h; sourceTree = "<group>"; };
		94D97ECB15E68676007265AF /* UALocationService.h */ = {isa = PBXFileReference; fileEncoding = 4; lastKnownFileType = sourcecode.c.h; path = UALocationService.h; sourceTree = "<group>"; };
		94D97ECC15E68676007265AF /* UAObservable.h */ = {isa = PBXFileReference; fileEncoding = 4; lastKnownFileType = sourcecode.c.h; path = UAObservable.h; sourceTree = "<group>"; };
		94D97ECD15E68676007265AF /* UASignificantChangeProvider.h */ = {isa = PBXFileReference; fileEncoding = 4; lastKnownFileType = sourcecode.c.h; path = UASignificantChangeProvider.h; sourceTree = "<group>"; };
		94D97ECE15E68676007265AF /* UASQLite.h */ = {isa = PBXFileReference; fileEncoding = 4; lastKnownFileType = sourcecode.c.h; path = UASQLite.h; sourceTree = "<group>"; };
		94D97ECF15E68676007265AF /* UAStandardLocationProvider.h */ = {isa = PBXFileReference; fileEncoding = 4; lastKnownFileType = sourcecode.c.h; path = UAStandardLocationProvider.h; sourceTree = "<group>"; };
		94D97ED015E68676007265AF /* UATagUtils.h */ = {isa = PBXFileReference; fileEncoding = 4; lastKnownFileType = sourcecode.c.h; path = UATagUtils.h; sourceTree = "<group>"; };
		94D97ED115E68676007265AF /* UAUser.h */ = {isa = PBXFileReference; fileEncoding = 4; lastKnownFileType = sourcecode.c.h; path = UAUser.h; sourceTree = "<group>"; };
		94D97ED215E68676007265AF /* UAUtils.h */ = {isa = PBXFileReference; fileEncoding = 4; lastKnownFileType = sourcecode.c.h; path = UAUtils.h; sourceTree = "<group>"; };
		94D97ED315E68676007265AF /* UAViewUtils.h */ = {isa = PBXFileReference; fileEncoding = 4; lastKnownFileType = sourcecode.c.h; path = UAViewUtils.h; sourceTree = "<group>"; };
		94D97ED615E68676007265AF /* UA_ASIAuthenticationDialog.h */ = {isa = PBXFileReference; fileEncoding = 4; lastKnownFileType = sourcecode.c.h; path = UA_ASIAuthenticationDialog.h; sourceTree = "<group>"; };
		94D97ED715E68676007265AF /* UA_ASICacheDelegate.h */ = {isa = PBXFileReference; fileEncoding = 4; lastKnownFileType = sourcecode.c.h; path = UA_ASICacheDelegate.h; sourceTree = "<group>"; };
		94D97ED815E68676007265AF /* UA_ASIDataCompressor.h */ = {isa = PBXFileReference; fileEncoding = 4; lastKnownFileType = sourcecode.c.h; path = UA_ASIDataCompressor.h; sourceTree = "<group>"; };
		94D97ED915E68676007265AF /* UA_ASIDataDecompressor.h */ = {isa = PBXFileReference; fileEncoding = 4; lastKnownFileType = sourcecode.c.h; path = UA_ASIDataDecompressor.h; sourceTree = "<group>"; };
		94D97EDA15E68676007265AF /* UA_ASIDownloadCache.h */ = {isa = PBXFileReference; fileEncoding = 4; lastKnownFileType = sourcecode.c.h; path = UA_ASIDownloadCache.h; sourceTree = "<group>"; };
		94D97EDB15E68676007265AF /* UA_ASIFormDataRequest.h */ = {isa = PBXFileReference; fileEncoding = 4; lastKnownFileType = sourcecode.c.h; path = UA_ASIFormDataRequest.h; sourceTree = "<group>"; };
		94D97EDC15E68676007265AF /* UA_ASIHTTPRequest.h */ = {isa = PBXFileReference; fileEncoding = 4; lastKnownFileType = sourcecode.c.h; path = UA_ASIHTTPRequest.h; sourceTree = "<group>"; };
		94D97EDD15E68676007265AF /* UA_ASIHTTPRequestConfig.h */ = {isa = PBXFileReference; fileEncoding = 4; lastKnownFileType = sourcecode.c.h; path = UA_ASIHTTPRequestConfig.h; sourceTree = "<group>"; };
		94D97EDE15E68676007265AF /* UA_ASIHTTPRequestDelegate.h */ = {isa = PBXFileReference; fileEncoding = 4; lastKnownFileType = sourcecode.c.h; path = UA_ASIHTTPRequestDelegate.h; sourceTree = "<group>"; };
		94D97EDF15E68676007265AF /* UA_ASIInputStream.h */ = {isa = PBXFileReference; fileEncoding = 4; lastKnownFileType = sourcecode.c.h; path = UA_ASIInputStream.h; sourceTree = "<group>"; };
		94D97EE015E68676007265AF /* UA_ASINetworkQueue.h */ = {isa = PBXFileReference; fileEncoding = 4; lastKnownFileType = sourcecode.c.h; path = UA_ASINetworkQueue.h; sourceTree = "<group>"; };
		94D97EE115E68676007265AF /* UA_ASIProgressDelegate.h */ = {isa = PBXFileReference; fileEncoding = 4; lastKnownFileType = sourcecode.c.h; path = UA_ASIProgressDelegate.h; sourceTree = "<group>"; };
		94D97EE215E68676007265AF /* UA_Base64.h */ = {isa = PBXFileReference; fileEncoding = 4; lastKnownFileType = sourcecode.c.h; path = UA_Base64.h; sourceTree = "<group>"; };
		94D97EE415E68676007265AF /* UA_FMDatabase.h */ = {isa = PBXFileReference; fileEncoding = 4; lastKnownFileType = sourcecode.c.h; path = UA_FMDatabase.h; sourceTree = "<group>"; };
		94D97EE515E68676007265AF /* UA_FMResultSet.h */ = {isa = PBXFileReference; fileEncoding = 4; lastKnownFileType = sourcecode.c.h; path = UA_FMResultSet.h; sourceTree = "<group>"; };
		94D97EE715E68676007265AF /* UA_SBJSON.h */ = {isa = PBXFileReference; fileEncoding = 4; lastKnownFileType = sourcecode.c.h; path = UA_SBJSON.h; sourceTree = "<group>"; };
		94D97EE815E68676007265AF /* UA_SBJsonBase.h */ = {isa = PBXFileReference; fileEncoding = 4; lastKnownFileType = sourcecode.c.h; path = UA_SBJsonBase.h; sourceTree = "<group>"; };
		94D97EE915E68676007265AF /* UA_SBJsonParser.h */ = {isa = PBXFileReference; fileEncoding = 4; lastKnownFileType = sourcecode.c.h; path = UA_SBJsonParser.h; sourceTree = "<group>"; };
		94D97EEA15E68676007265AF /* UA_SBJsonWriter.h */ = {isa = PBXFileReference; fileEncoding = 4; lastKnownFileType = sourcecode.c.h; path = UA_SBJsonWriter.h; sourceTree = "<group>"; };
		94D97EEB15E68676007265AF /* UA_Reachability.h */ = {isa = PBXFileReference; fileEncoding = 4; lastKnownFileType = sourcecode.c.h; path = UA_Reachability.h; sourceTree = "<group>"; };
		94D97EED15E68676007265AF /* UA_crypt.h */ = {isa = PBXFileReference; fileEncoding = 4; lastKnownFileType = sourcecode.c.h; path = UA_crypt.h; sourceTree = "<group>"; };
		94D97EEF15E68676007265AF /* UA_ioapi.h */ = {isa = PBXFileReference; fileEncoding = 4; lastKnownFileType = sourcecode.c.h; path = UA_ioapi.h; sourceTree = "<group>"; };
		94D97EF015E68676007265AF /* UA_mztools.h */ = {isa = PBXFileReference; fileEncoding = 4; lastKnownFileType = sourcecode.c.h; path = UA_mztools.h; sourceTree = "<group>"; };
		94D97EF115E68676007265AF /* UA_unzip.h */ = {isa = PBXFileReference; fileEncoding = 4; lastKnownFileType = sourcecode.c.h; path = UA_unzip.h; sourceTree = "<group>"; };
		94D97EF215E68676007265AF /* UA_zconf.h */ = {isa = PBXFileReference; fileEncoding = 4; lastKnownFileType = sourcecode.c.h; path = UA_zconf.h; sourceTree = "<group>"; };
		94D97EF315E68676007265AF /* UA_zip.h */ = {isa = PBXFileReference; fileEncoding = 4; lastKnownFileType = sourcecode.c.h; path = UA_zip.h; sourceTree = "<group>"; };
		94D97EF415E68676007265AF /* UA_ZipArchive.h */ = {isa = PBXFileReference; fileEncoding = 4; lastKnownFileType = sourcecode.c.h; path = UA_ZipArchive.h; sourceTree = "<group>"; };
		94D97EF715E68676007265AF /* UAirship.h */ = {isa = PBXFileReference; fileEncoding = 4; lastKnownFileType = sourcecode.c.h; path = UAirship.h; sourceTree = "<group>"; };
		94D97EF915E68676007265AF /* UAInbox.h */ = {isa = PBXFileReference; fileEncoding = 4; lastKnownFileType = sourcecode.c.h; path = UAInbox.h; sourceTree = "<group>"; };
		94D97EFA15E68676007265AF /* UAInboxDBManager.h */ = {isa = PBXFileReference; fileEncoding = 4; lastKnownFileType = sourcecode.c.h; path = UAInboxDBManager.h; sourceTree = "<group>"; };
		94D97EFB15E68676007265AF /* UAInboxDefaultJSDelegate.h */ = {isa = PBXFileReference; fileEncoding = 4; lastKnownFileType = sourcecode.c.h; path = UAInboxDefaultJSDelegate.h; sourceTree = "<group>"; };
		94D97EFC15E68676007265AF /* UAInboxMessage.h */ = {isa = PBXFileReference; fileEncoding = 4; lastKnownFileType = sourcecode.c.h; path = UAInboxMessage.h; sourceTree = "<group>"; };
		94D97EFD15E68676007265AF /* UAInboxMessageList.h */ = {isa = PBXFileReference; fileEncoding = 4; lastKnownFileType = sourcecode.c.h; path = UAInboxMessageList.h; sourceTree = "<group>"; };
		94D97EFE15E68676007265AF /* UAInboxMessageListObserver.h */ = {isa = PBXFileReference; fileEncoding = 4; lastKnownFileType = sourcecode.c.h; path = UAInboxMessageListObserver.h; sourceTree = "<group>"; };
		94D97EFF15E68676007265AF /* UAInboxPushHandler.h */ = {isa = PBXFileReference; fileEncoding = 4; lastKnownFileType = sourcecode.c.h; path = UAInboxPushHandler.h; sourceTree = "<group>"; };
		94D97F0015E68676007265AF /* UAInboxURLCache.h */ = {isa = PBXFileReference; fileEncoding = 4; lastKnownFileType = sourcecode.c.h; path = UAInboxURLCache.h; sourceTree = "<group>"; };
		94D97F0215E68676007265AF /* UAPush.h */ = {isa = PBXFileReference; fileEncoding = 4; lastKnownFileType = sourcecode.c.h; path = UAPush.h; sourceTree = "<group>"; };
		94D97F0415E68676007265AF /* UAInventory.h */ = {isa = PBXFileReference; fileEncoding = 4; lastKnownFileType = sourcecode.c.h; path = UAInventory.h; sourceTree = "<group>"; };
		94D97F0515E68676007265AF /* UAProduct.h */ = {isa = PBXFileReference; fileEncoding = 4; lastKnownFileType = sourcecode.c.h; path = UAProduct.h; sourceTree = "<group>"; };
		94D97F0615E68676007265AF /* UAStoreFront.h */ = {isa = PBXFileReference; fileEncoding = 4; lastKnownFileType = sourcecode.c.h; path = UAStoreFront.h; sourceTree = "<group>"; };
		94D97F0715E68676007265AF /* UAStoreFrontAlertProtocol.h */ = {isa = PBXFileReference; fileEncoding = 4; lastKnownFileType = sourcecode.c.h; path = UAStoreFrontAlertProtocol.h; sourceTree = "<group>"; };
		94D97F0815E68676007265AF /* UAStoreFrontDelegate.h */ = {isa = PBXFileReference; fileEncoding = 4; lastKnownFileType = sourcecode.c.h; path = UAStoreFrontDelegate.h; sourceTree = "<group>"; };
		94D97F0915E68676007265AF /* UAStoreFrontDownloadManager.h */ = {isa = PBXFileReference; fileEncoding = 4; lastKnownFileType = sourcecode.c.h; path = UAStoreFrontDownloadManager.h; sourceTree = "<group>"; };
		94D97F0A15E68676007265AF /* UAStoreKitObserver.h */ = {isa = PBXFileReference; fileEncoding = 4; lastKnownFileType = sourcecode.c.h; path = UAStoreKitObserver.h; sourceTree = "<group>"; };
		94D97F0C15E68676007265AF /* UAContentInventory.h */ = {isa = PBXFileReference; fileEncoding = 4; lastKnownFileType = sourcecode.c.h; path = UAContentInventory.h; sourceTree = "<group>"; };
		94D97F0D15E68676007265AF /* UAProductInventory.h */ = {isa = PBXFileReference; fileEncoding = 4; lastKnownFileType = sourcecode.c.h; path = UAProductInventory.h; sourceTree = "<group>"; };
		94D97F0E15E68676007265AF /* UASubscription.h */ = {isa = PBXFileReference; fileEncoding = 4; lastKnownFileType = sourcecode.c.h; path = UASubscription.h; sourceTree = "<group>"; };
		94D97F0F15E68676007265AF /* UASubscriptionAlertProtocol.h */ = {isa = PBXFileReference; fileEncoding = 4; lastKnownFileType = sourcecode.c.h; path = UASubscriptionAlertProtocol.h; sourceTree = "<group>"; };
		94D97F1015E68676007265AF /* UASubscriptionContent.h */ = {isa = PBXFileReference; fileEncoding = 4; lastKnownFileType = sourcecode.c.h; path = UASubscriptionContent.h; sourceTree = "<group>"; };
		94D97F1115E68676007265AF /* UASubscriptionDownloadManager.h */ = {isa = PBXFileReference; fileEncoding = 4; lastKnownFileType = sourcecode.c.h; path = UASubscriptionDownloadManager.h; sourceTree = "<group>"; };
		94D97F1215E68676007265AF /* UASubscriptionInventory.h */ = {isa = PBXFileReference; fileEncoding = 4; lastKnownFileType = sourcecode.c.h; path = UASubscriptionInventory.h; sourceTree = "<group>"; };
		94D97F1315E68676007265AF /* UASubscriptionManager.h */ = {isa = PBXFileReference; fileEncoding = 4; lastKnownFileType = sourcecode.c.h; path = UASubscriptionManager.h; sourceTree = "<group>"; };
		94D97F1415E68676007265AF /* UASubscriptionObserver.h */ = {isa = PBXFileReference; fileEncoding = 4; lastKnownFileType = sourcecode.c.h; path = UASubscriptionObserver.h; sourceTree = "<group>"; };
		94D97F1515E68676007265AF /* UASubscriptionProduct.h */ = {isa = PBXFileReference; fileEncoding = 4; lastKnownFileType = sourcecode.c.h; path = UASubscriptionProduct.h; sourceTree = "<group>"; };
		94D97F1615E68676007265AF /* libUAirship-1.3.2.a */ = {isa = PBXFileReference; lastKnownFileType = archive.ar; path = "libUAirship-1.3.2.a"; sourceTree = "<group>"; };
		94D97F1715E68676007265AF /* libUAirshipPush-1.3.2.a */ = {isa = PBXFileReference; lastKnownFileType = archive.ar; path = "libUAirshipPush-1.3.2.a"; sourceTree = "<group>"; };
		94D97F3815E68B32007265AF /* AudioToolbox.framework */ = {isa = PBXFileReference; lastKnownFileType = wrapper.framework; name = AudioToolbox.framework; path = System/Library/Frameworks/AudioToolbox.framework; sourceTree = SDKROOT; };
		94D97F3A15E68B38007265AF /* MessageUI.framework */ = {isa = PBXFileReference; lastKnownFileType = wrapper.framework; name = MessageUI.framework; path = System/Library/Frameworks/MessageUI.framework; sourceTree = SDKROOT; };
		94D97F3C15E68B45007265AF /* CFNetwork.framework */ = {isa = PBXFileReference; lastKnownFileType = wrapper.framework; name = CFNetwork.framework; path = System/Library/Frameworks/CFNetwork.framework; sourceTree = SDKROOT; };
		94D97F3E15E68B60007265AF /* MobileCoreServices.framework */ = {isa = PBXFileReference; lastKnownFileType = wrapper.framework; name = MobileCoreServices.framework; path = System/Library/Frameworks/MobileCoreServices.framework; sourceTree = SDKROOT; };
		94D97F4015E68B6F007265AF /* SystemConfiguration.framework */ = {isa = PBXFileReference; lastKnownFileType = wrapper.framework; name = SystemConfiguration.framework; path = System/Library/Frameworks/SystemConfiguration.framework; sourceTree = SDKROOT; };
		94D97F4215E68B76007265AF /* Security.framework */ = {isa = PBXFileReference; lastKnownFileType = wrapper.framework; name = Security.framework; path = System/Library/Frameworks/Security.framework; sourceTree = SDKROOT; };
		94D97F4415E68B88007265AF /* libz.dylib */ = {isa = PBXFileReference; lastKnownFileType = "compiled.mach-o.dylib"; name = libz.dylib; path = usr/lib/libz.dylib; sourceTree = SDKROOT; };
		94D97F4615E68B8F007265AF /* libsqlite3.dylib */ = {isa = PBXFileReference; lastKnownFileType = "compiled.mach-o.dylib"; name = libsqlite3.dylib; path = usr/lib/libsqlite3.dylib; sourceTree = SDKROOT; };
		94D97F4815E68B99007265AF /* CoreTelephony.framework */ = {isa = PBXFileReference; lastKnownFileType = wrapper.framework; name = CoreTelephony.framework; path = System/Library/Frameworks/CoreTelephony.framework; sourceTree = SDKROOT; };
		94D97F4A15E68BA1007265AF /* StoreKit.framework */ = {isa = PBXFileReference; lastKnownFileType = wrapper.framework; name = StoreKit.framework; path = System/Library/Frameworks/StoreKit.framework; sourceTree = SDKROOT; };
		94D97F4C15E68BDE007265AF /* CoreLocation.framework */ = {isa = PBXFileReference; lastKnownFileType = wrapper.framework; name = CoreLocation.framework; path = System/Library/Frameworks/CoreLocation.framework; sourceTree = SDKROOT; };
		94D97F4E15E690D7007265AF /* FacebookSDK.framework */ = {isa = PBXFileReference; lastKnownFileType = wrapper.framework; path = FacebookSDK.framework; sourceTree = "<group>"; };
		94D97F5015E6915A007265AF /* FacebookSDKResources.bundle */ = {isa = PBXFileReference; lastKnownFileType = "wrapper.plug-in"; path = FacebookSDKResources.bundle; sourceTree = "<group>"; };
/* End PBXFileReference section */

/* Begin PBXFrameworksBuildPhase section */
		94D97E6515E685AF007265AF /* Frameworks */ = {
			isa = PBXFrameworksBuildPhase;
			buildActionMask = 2147483647;
			files = (
				94D97F4D15E68BDE007265AF /* CoreLocation.framework in Frameworks */,
				94D97F4B15E68BA1007265AF /* StoreKit.framework in Frameworks */,
				94D97F4915E68B99007265AF /* CoreTelephony.framework in Frameworks */,
				94D97F4715E68B8F007265AF /* libsqlite3.dylib in Frameworks */,
				94D97F4515E68B88007265AF /* libz.dylib in Frameworks */,
				94D97F4315E68B76007265AF /* Security.framework in Frameworks */,
				94D97F4115E68B6F007265AF /* SystemConfiguration.framework in Frameworks */,
				94D97F3F15E68B60007265AF /* MobileCoreServices.framework in Frameworks */,
				94D97F3D15E68B45007265AF /* CFNetwork.framework in Frameworks */,
				94D97F3B15E68B38007265AF /* MessageUI.framework in Frameworks */,
				94D97F3915E68B32007265AF /* AudioToolbox.framework in Frameworks */,
				94D97E6D15E685AF007265AF /* UIKit.framework in Frameworks */,
				94D97E6F15E685AF007265AF /* Foundation.framework in Frameworks */,
				94D97E7115E685AF007265AF /* CoreGraphics.framework in Frameworks */,
				94D97F3415E68676007265AF /* libUAirship-1.3.2.a in Frameworks */,
				94D97F3515E68676007265AF /* libUAirshipPush-1.3.2.a in Frameworks */,
				94D97F4F15E690D7007265AF /* FacebookSDK.framework in Frameworks */,
			);
			runOnlyForDeploymentPostprocessing = 0;
		};
		94D97E9915E685AF007265AF /* Frameworks */ = {
			isa = PBXFrameworksBuildPhase;
			buildActionMask = 2147483647;
			files = (
				94D97E9F15E685AF007265AF /* SenTestingKit.framework in Frameworks */,
				94D97EA015E685AF007265AF /* UIKit.framework in Frameworks */,
				94D97EA115E685AF007265AF /* Foundation.framework in Frameworks */,
			);
			runOnlyForDeploymentPostprocessing = 0;
		};
/* End PBXFrameworksBuildPhase section */

/* Begin PBXGroup section */
		94D97E5D15E685AF007265AF = {
			isa = PBXGroup;
			children = (
				94D97F5015E6915A007265AF /* FacebookSDKResources.bundle */,
				94D97EB615E68676007265AF /* Airship */,
				94D97E7215E685AF007265AF /* fencester */,
				94D97EA415E685AF007265AF /* fencesterTests */,
				94D97E6B15E685AF007265AF /* Frameworks */,
				94D97E6915E685AF007265AF /* Products */,
			);
			sourceTree = "<group>";
		};
		94D97E6915E685AF007265AF /* Products */ = {
			isa = PBXGroup;
			children = (
				94D97E6815E685AF007265AF /* fencester.app */,
				94D97E9D15E685AF007265AF /* fencesterTests.octest */,
			);
			name = Products;
			sourceTree = "<group>";
		};
		94D97E6B15E685AF007265AF /* Frameworks */ = {
			isa = PBXGroup;
			children = (
				94D97F4C15E68BDE007265AF /* CoreLocation.framework */,
				94D97F4E15E690D7007265AF /* FacebookSDK.framework */,
				94D97F4A15E68BA1007265AF /* StoreKit.framework */,
				94D97F4815E68B99007265AF /* CoreTelephony.framework */,
				94D97F4615E68B8F007265AF /* libsqlite3.dylib */,
				94D97F4415E68B88007265AF /* libz.dylib */,
				94D97F4215E68B76007265AF /* Security.framework */,
				94D97F4015E68B6F007265AF /* SystemConfiguration.framework */,
				94D97F3E15E68B60007265AF /* MobileCoreServices.framework */,
				94D97F3C15E68B45007265AF /* CFNetwork.framework */,
				94D97F3A15E68B38007265AF /* MessageUI.framework */,
				94D97F3815E68B32007265AF /* AudioToolbox.framework */,
				94D97E6C15E685AF007265AF /* UIKit.framework */,
				94D97E6E15E685AF007265AF /* Foundation.framework */,
				94D97E7015E685AF007265AF /* CoreGraphics.framework */,
				94D97E9E15E685AF007265AF /* SenTestingKit.framework */,
			);
			name = Frameworks;
			sourceTree = "<group>";
		};
		94D97E7215E685AF007265AF /* fencester */ = {
			isa = PBXGroup;
			children = (
				94D97EB515E685ED007265AF /* fencester.entitlements */,
				94D97E7B15E685AF007265AF /* FNSAppDelegate.h */,
				94D97E7C15E685AF007265AF /* FNSAppDelegate.m */,
				94602F8615E6E7CB00D06A28 /* FNSCheckinViewController.h */,
				94602F8715E6E7CB00D06A28 /* FNSCheckinViewController.m */,
				94D97E7E15E685AF007265AF /* FNSFirstViewController.h */,
				94D97E7F15E685AF007265AF /* FNSFirstViewController.m */,
				94D97E8115E685AF007265AF /* first.png */,
				94D97E8315E685AF007265AF /* first@2x.png */,
				94D97E8515E685AF007265AF /* FNSSecondViewController.h */,
				94D97E8615E685AF007265AF /* FNSSecondViewController.m */,
				94D97E8815E685AF007265AF /* second.png */,
				94D97E8A15E685AF007265AF /* second@2x.png */,
				94D97E8C15E685AF007265AF /* FNSFirstViewController_iPhone.xib */,
				94D97E8F15E685AF007265AF /* FNSFirstViewController_iPad.xib */,
				94D97E9215E685AF007265AF /* FNSSecondViewController_iPhone.xib */,
				94D97E9515E685AF007265AF /* FNSSecondViewController_iPad.xib */,
				94602F8A15E6E7F200D06A28 /* FNSCheckinViewController_iPhone.xib */,
				94602F8C15E6E85000D06A28 /* FNSCheckinViewController_iPad.xib */,
				94D97E7315E685AF007265AF /* Supporting Files */,
			);
			path = fencester;
			sourceTree = "<group>";
		};
		94D97E7315E685AF007265AF /* Supporting Files */ = {
			isa = PBXGroup;
			children = (
				94D97E7415E685AF007265AF /* fencester-Info.plist */,
				94D97E7515E685AF007265AF /* InfoPlist.strings */,
				94D97E7815E685AF007265AF /* main.m */,
				94D97E7A15E685AF007265AF /* fencester-Prefix.pch */,
			);
			name = "Supporting Files";
			sourceTree = "<group>";
		};
		94D97EA415E685AF007265AF /* fencesterTests */ = {
			isa = PBXGroup;
			children = (
				94D97EAA15E685AF007265AF /* fencesterTests.h */,
				94D97EAB15E685AF007265AF /* fencesterTests.m */,
				94D97EA515E685AF007265AF /* Supporting Files */,
			);
			path = fencesterTests;
			sourceTree = "<group>";
		};
		94D97EA515E685AF007265AF /* Supporting Files */ = {
			isa = PBXGroup;
			children = (
				94D97EA615E685AF007265AF /* fencesterTests-Info.plist */,
				94D97EA715E685AF007265AF /* InfoPlist.strings */,
			);
			name = "Supporting Files";
			sourceTree = "<group>";
		};
		94D97EB615E68676007265AF /* Airship */ = {
			isa = PBXGroup;
			children = (
				94D97EB815E68676007265AF /* Common */,
				94D97ED415E68676007265AF /* External */,
				94D97EF515E68676007265AF /* Library */,
				94D97F1615E68676007265AF /* libUAirship-1.3.2.a */,
				94D97F1715E68676007265AF /* libUAirshipPush-1.3.2.a */,
			);
			path = Airship;
			sourceTree = "<group>";
		};
		94D97EB815E68676007265AF /* Common */ = {
			isa = PBXGroup;
			children = (
				94D97EB915E68676007265AF /* UAAnalytics.h */,
				94D97EBA15E68676007265AF /* UAAnalyticsDBManager.h */,
				94D97EBB15E68676007265AF /* UAAsycImageView.h */,
				94D97EBC15E68676007265AF /* UABarButtonSegmentedControl.h */,
				94D97EBD15E68676007265AF /* UABaseLocationProvider.h */,
				94D97EBE15E68676007265AF /* UAContentURLCache.h */,
				94D97EBF15E68676007265AF /* UADateUtils.h */,
				94D97EC015E68676007265AF /* UADownloadContent.h */,
				94D97EC115E68676007265AF /* UADownloadManager.h */,
				94D97EC215E68676007265AF /* UAEvent.h */,
				94D97EC315E68676007265AF /* UAGlobal.h */,
				94D97EC415E68676007265AF /* UAHTTPConnection.h */,
				94D97EC515E68676007265AF /* UAKeychainUtils.h */,
				94D97EC615E68676007265AF /* UALocalStorageDirectory.h */,
				94D97EC715E68676007265AF /* UALocationCommonValues.h */,
				94D97EC815E68676007265AF /* UALocationEvent.h */,
				94D97EC915E68676007265AF /* UALocationProviderDelegate.h */,
				94D97ECA15E68676007265AF /* UALocationProviderProtocol.h */,
				94D97ECB15E68676007265AF /* UALocationService.h */,
				94D97ECC15E68676007265AF /* UAObservable.h */,
				94D97ECD15E68676007265AF /* UASignificantChangeProvider.h */,
				94D97ECE15E68676007265AF /* UASQLite.h */,
				94D97ECF15E68676007265AF /* UAStandardLocationProvider.h */,
				94D97ED015E68676007265AF /* UATagUtils.h */,
				94D97ED115E68676007265AF /* UAUser.h */,
				94D97ED215E68676007265AF /* UAUtils.h */,
				94D97ED315E68676007265AF /* UAViewUtils.h */,
			);
			path = Common;
			sourceTree = "<group>";
		};
		94D97ED415E68676007265AF /* External */ = {
			isa = PBXGroup;
			children = (
				94D97ED515E68676007265AF /* UA_asi-http-request */,
				94D97EE215E68676007265AF /* UA_Base64.h */,
				94D97EE315E68676007265AF /* UA_fmdb */,
				94D97EE615E68676007265AF /* UA_json-framework */,
				94D97EEB15E68676007265AF /* UA_Reachability.h */,
				94D97EEC15E68676007265AF /* UA_ZipFile-OC */,
			);
			path = External;
			sourceTree = "<group>";
		};
		94D97ED515E68676007265AF /* UA_asi-http-request */ = {
			isa = PBXGroup;
			children = (
				94D97ED615E68676007265AF /* UA_ASIAuthenticationDialog.h */,
				94D97ED715E68676007265AF /* UA_ASICacheDelegate.h */,
				94D97ED815E68676007265AF /* UA_ASIDataCompressor.h */,
				94D97ED915E68676007265AF /* UA_ASIDataDecompressor.h */,
				94D97EDA15E68676007265AF /* UA_ASIDownloadCache.h */,
				94D97EDB15E68676007265AF /* UA_ASIFormDataRequest.h */,
				94D97EDC15E68676007265AF /* UA_ASIHTTPRequest.h */,
				94D97EDD15E68676007265AF /* UA_ASIHTTPRequestConfig.h */,
				94D97EDE15E68676007265AF /* UA_ASIHTTPRequestDelegate.h */,
				94D97EDF15E68676007265AF /* UA_ASIInputStream.h */,
				94D97EE015E68676007265AF /* UA_ASINetworkQueue.h */,
				94D97EE115E68676007265AF /* UA_ASIProgressDelegate.h */,
			);
			path = "UA_asi-http-request";
			sourceTree = "<group>";
		};
		94D97EE315E68676007265AF /* UA_fmdb */ = {
			isa = PBXGroup;
			children = (
				94D97EE415E68676007265AF /* UA_FMDatabase.h */,
				94D97EE515E68676007265AF /* UA_FMResultSet.h */,
			);
			path = UA_fmdb;
			sourceTree = "<group>";
		};
		94D97EE615E68676007265AF /* UA_json-framework */ = {
			isa = PBXGroup;
			children = (
				94D97EE715E68676007265AF /* UA_SBJSON.h */,
				94D97EE815E68676007265AF /* UA_SBJsonBase.h */,
				94D97EE915E68676007265AF /* UA_SBJsonParser.h */,
				94D97EEA15E68676007265AF /* UA_SBJsonWriter.h */,
			);
			path = "UA_json-framework";
			sourceTree = "<group>";
		};
		94D97EEC15E68676007265AF /* UA_ZipFile-OC */ = {
			isa = PBXGroup;
			children = (
				94D97EED15E68676007265AF /* UA_crypt.h */,
				94D97EEE15E68676007265AF /* UA_minizip */,
				94D97EF415E68676007265AF /* UA_ZipArchive.h */,
			);
			path = "UA_ZipFile-OC";
			sourceTree = "<group>";
		};
		94D97EEE15E68676007265AF /* UA_minizip */ = {
			isa = PBXGroup;
			children = (
				94D97EEF15E68676007265AF /* UA_ioapi.h */,
				94D97EF015E68676007265AF /* UA_mztools.h */,
				94D97EF115E68676007265AF /* UA_unzip.h */,
				94D97EF215E68676007265AF /* UA_zconf.h */,
				94D97EF315E68676007265AF /* UA_zip.h */,
			);
			path = UA_minizip;
			sourceTree = "<group>";
		};
		94D97EF515E68676007265AF /* Library */ = {
			isa = PBXGroup;
			children = (
				94D97EF615E68676007265AF /* AirshipLib */,
				94D97EF815E68676007265AF /* InboxLib */,
				94D97F0115E68676007265AF /* PushLib */,
				94D97F0315E68676007265AF /* StoreFrontLib */,
				94D97F0B15E68676007265AF /* SubscriptionLib */,
			);
			path = Library;
			sourceTree = "<group>";
		};
		94D97EF615E68676007265AF /* AirshipLib */ = {
			isa = PBXGroup;
			children = (
				94D97EF715E68676007265AF /* UAirship.h */,
			);
			path = AirshipLib;
			sourceTree = "<group>";
		};
		94D97EF815E68676007265AF /* InboxLib */ = {
			isa = PBXGroup;
			children = (
				94D97EF915E68676007265AF /* UAInbox.h */,
				94D97EFA15E68676007265AF /* UAInboxDBManager.h */,
				94D97EFB15E68676007265AF /* UAInboxDefaultJSDelegate.h */,
				94D97EFC15E68676007265AF /* UAInboxMessage.h */,
				94D97EFD15E68676007265AF /* UAInboxMessageList.h */,
				94D97EFE15E68676007265AF /* UAInboxMessageListObserver.h */,
				94D97EFF15E68676007265AF /* UAInboxPushHandler.h */,
				94D97F0015E68676007265AF /* UAInboxURLCache.h */,
			);
			path = InboxLib;
			sourceTree = "<group>";
		};
		94D97F0115E68676007265AF /* PushLib */ = {
			isa = PBXGroup;
			children = (
				94D97F0215E68676007265AF /* UAPush.h */,
			);
			path = PushLib;
			sourceTree = "<group>";
		};
		94D97F0315E68676007265AF /* StoreFrontLib */ = {
			isa = PBXGroup;
			children = (
				94D97F0415E68676007265AF /* UAInventory.h */,
				94D97F0515E68676007265AF /* UAProduct.h */,
				94D97F0615E68676007265AF /* UAStoreFront.h */,
				94D97F0715E68676007265AF /* UAStoreFrontAlertProtocol.h */,
				94D97F0815E68676007265AF /* UAStoreFrontDelegate.h */,
				94D97F0915E68676007265AF /* UAStoreFrontDownloadManager.h */,
				94D97F0A15E68676007265AF /* UAStoreKitObserver.h */,
			);
			path = StoreFrontLib;
			sourceTree = "<group>";
		};
		94D97F0B15E68676007265AF /* SubscriptionLib */ = {
			isa = PBXGroup;
			children = (
				94D97F0C15E68676007265AF /* UAContentInventory.h */,
				94D97F0D15E68676007265AF /* UAProductInventory.h */,
				94D97F0E15E68676007265AF /* UASubscription.h */,
				94D97F0F15E68676007265AF /* UASubscriptionAlertProtocol.h */,
				94D97F1015E68676007265AF /* UASubscriptionContent.h */,
				94D97F1115E68676007265AF /* UASubscriptionDownloadManager.h */,
				94D97F1215E68676007265AF /* UASubscriptionInventory.h */,
				94D97F1315E68676007265AF /* UASubscriptionManager.h */,
				94D97F1415E68676007265AF /* UASubscriptionObserver.h */,
				94D97F1515E68676007265AF /* UASubscriptionProduct.h */,
			);
			path = SubscriptionLib;
			sourceTree = "<group>";
		};
/* End PBXGroup section */

/* Begin PBXNativeTarget section */
		94D97E6715E685AF007265AF /* fencester */ = {
			isa = PBXNativeTarget;
			buildConfigurationList = 94D97EAF15E685AF007265AF /* Build configuration list for PBXNativeTarget "fencester" */;
			buildPhases = (
				94D97E6415E685AF007265AF /* Sources */,
				94D97E6515E685AF007265AF /* Frameworks */,
				94D97E6615E685AF007265AF /* Resources */,
			);
			buildRules = (
			);
			dependencies = (
			);
			name = fencester;
			productName = fencester;
			productReference = 94D97E6815E685AF007265AF /* fencester.app */;
			productType = "com.apple.product-type.application";
		};
		94D97E9C15E685AF007265AF /* fencesterTests */ = {
			isa = PBXNativeTarget;
			buildConfigurationList = 94D97EB215E685AF007265AF /* Build configuration list for PBXNativeTarget "fencesterTests" */;
			buildPhases = (
				94D97E9815E685AF007265AF /* Sources */,
				94D97E9915E685AF007265AF /* Frameworks */,
				94D97E9A15E685AF007265AF /* Resources */,
				94D97E9B15E685AF007265AF /* ShellScript */,
			);
			buildRules = (
			);
			dependencies = (
				94D97EA315E685AF007265AF /* PBXTargetDependency */,
			);
			name = fencesterTests;
			productName = fencesterTests;
			productReference = 94D97E9D15E685AF007265AF /* fencesterTests.octest */;
			productType = "com.apple.product-type.bundle";
		};
/* End PBXNativeTarget section */

/* Begin PBXProject section */
		94D97E5F15E685AF007265AF /* Project object */ = {
			isa = PBXProject;
			attributes = {
				CLASSPREFIX = FNS;
				LastUpgradeCheck = 0440;
				ORGANIZATIONNAME = hackday;
			};
			buildConfigurationList = 94D97E6215E685AF007265AF /* Build configuration list for PBXProject "fencester" */;
			compatibilityVersion = "Xcode 3.2";
			developmentRegion = English;
			hasScannedForEncodings = 0;
			knownRegions = (
				en,
			);
			mainGroup = 94D97E5D15E685AF007265AF;
			productRefGroup = 94D97E6915E685AF007265AF /* Products */;
			projectDirPath = "";
			projectRoot = "";
			targets = (
				94D97E6715E685AF007265AF /* fencester */,
				94D97E9C15E685AF007265AF /* fencesterTests */,
			);
		};
/* End PBXProject section */

/* Begin PBXResourcesBuildPhase section */
		94D97E6615E685AF007265AF /* Resources */ = {
			isa = PBXResourcesBuildPhase;
			buildActionMask = 2147483647;
			files = (
				94D97E7715E685AF007265AF /* InfoPlist.strings in Resources */,
				94D97E8215E685AF007265AF /* first.png in Resources */,
				94D97E8415E685AF007265AF /* first@2x.png in Resources */,
				94D97E8915E685AF007265AF /* second.png in Resources */,
				94D97E8B15E685AF007265AF /* second@2x.png in Resources */,
				94D97E8E15E685AF007265AF /* FNSFirstViewController_iPhone.xib in Resources */,
				94D97E9115E685AF007265AF /* FNSFirstViewController_iPad.xib in Resources */,
				94D97E9415E685AF007265AF /* FNSSecondViewController_iPhone.xib in Resources */,
				94D97E9715E685AF007265AF /* FNSSecondViewController_iPad.xib in Resources */,
				94D97F5115E6915A007265AF /* FacebookSDKResources.bundle in Resources */,
				94602F8B15E6E7F300D06A28 /* FNSCheckinViewController_iPhone.xib in Resources */,
				94602F8D15E6E85000D06A28 /* FNSCheckinViewController_iPad.xib in Resources */,
			);
			runOnlyForDeploymentPostprocessing = 0;
		};
		94D97E9A15E685AF007265AF /* Resources */ = {
			isa = PBXResourcesBuildPhase;
			buildActionMask = 2147483647;
			files = (
				94D97EA915E685AF007265AF /* InfoPlist.strings in Resources */,
			);
			runOnlyForDeploymentPostprocessing = 0;
		};
/* End PBXResourcesBuildPhase section */

/* Begin PBXShellScriptBuildPhase section */
		94D97E9B15E685AF007265AF /* ShellScript */ = {
			isa = PBXShellScriptBuildPhase;
			buildActionMask = 2147483647;
			files = (
			);
			inputPaths = (
			);
			outputPaths = (
			);
			runOnlyForDeploymentPostprocessing = 0;
			shellPath = /bin/sh;
			shellScript = "# Run the unit tests in this test bundle.\n\"${SYSTEM_DEVELOPER_DIR}/Tools/RunUnitTests\"\n";
		};
/* End PBXShellScriptBuildPhase section */

/* Begin PBXSourcesBuildPhase section */
		94D97E6415E685AF007265AF /* Sources */ = {
			isa = PBXSourcesBuildPhase;
			buildActionMask = 2147483647;
			files = (
				94D97E7915E685AF007265AF /* main.m in Sources */,
				94D97E7D15E685AF007265AF /* FNSAppDelegate.m in Sources */,
				94D97E8015E685AF007265AF /* FNSFirstViewController.m in Sources */,
				94D97E8715E685AF007265AF /* FNSSecondViewController.m in Sources */,
				94602F8815E6E7CB00D06A28 /* FNSCheckinViewController.m in Sources */,
			);
			runOnlyForDeploymentPostprocessing = 0;
		};
		94D97E9815E685AF007265AF /* Sources */ = {
			isa = PBXSourcesBuildPhase;
			buildActionMask = 2147483647;
			files = (
				94D97EAC15E685AF007265AF /* fencesterTests.m in Sources */,
			);
			runOnlyForDeploymentPostprocessing = 0;
		};
/* End PBXSourcesBuildPhase section */

/* Begin PBXTargetDependency section */
		94D97EA315E685AF007265AF /* PBXTargetDependency */ = {
			isa = PBXTargetDependency;
			target = 94D97E6715E685AF007265AF /* fencester */;
			targetProxy = 94D97EA215E685AF007265AF /* PBXContainerItemProxy */;
		};
/* End PBXTargetDependency section */

/* Begin PBXVariantGroup section */
		94D97E7515E685AF007265AF /* InfoPlist.strings */ = {
			isa = PBXVariantGroup;
			children = (
				94D97E7615E685AF007265AF /* en */,
			);
			name = InfoPlist.strings;
			sourceTree = "<group>";
		};
		94D97E8C15E685AF007265AF /* FNSFirstViewController_iPhone.xib */ = {
			isa = PBXVariantGroup;
			children = (
				94D97E8D15E685AF007265AF /* en */,
			);
			name = FNSFirstViewController_iPhone.xib;
			sourceTree = "<group>";
		};
		94D97E8F15E685AF007265AF /* FNSFirstViewController_iPad.xib */ = {
			isa = PBXVariantGroup;
			children = (
				94D97E9015E685AF007265AF /* en */,
			);
			name = FNSFirstViewController_iPad.xib;
			sourceTree = "<group>";
		};
		94D97E9215E685AF007265AF /* FNSSecondViewController_iPhone.xib */ = {
			isa = PBXVariantGroup;
			children = (
				94D97E9315E685AF007265AF /* en */,
			);
			name = FNSSecondViewController_iPhone.xib;
			sourceTree = "<group>";
		};
		94D97E9515E685AF007265AF /* FNSSecondViewController_iPad.xib */ = {
			isa = PBXVariantGroup;
			children = (
				94D97E9615E685AF007265AF /* en */,
			);
			name = FNSSecondViewController_iPad.xib;
			sourceTree = "<group>";
		};
		94D97EA715E685AF007265AF /* InfoPlist.strings */ = {
			isa = PBXVariantGroup;
			children = (
				94D97EA815E685AF007265AF /* en */,
			);
			name = InfoPlist.strings;
			sourceTree = "<group>";
		};
/* End PBXVariantGroup section */

/* Begin XCBuildConfiguration section */
		94D97EAD15E685AF007265AF /* Debug */ = {
			isa = XCBuildConfiguration;
			buildSettings = {
				ALWAYS_SEARCH_USER_PATHS = NO;
				ARCHS = "$(ARCHS_STANDARD_32_BIT)";
				CLANG_CXX_LANGUAGE_STANDARD = "gnu++0x";
				CLANG_ENABLE_OBJC_ARC = YES;
				CLANG_WARN__DUPLICATE_METHOD_MATCH = YES;
				CODE_SIGN_IDENTITY = "iPhone Developer: Norman Richards (QM32UEJ7XN)";
				COPY_PHASE_STRIP = NO;
				GCC_C_LANGUAGE_STANDARD = gnu99;
				GCC_DYNAMIC_NO_PIC = NO;
				GCC_OPTIMIZATION_LEVEL = 0;
				GCC_PREPROCESSOR_DEFINITIONS = (
					"DEBUG=1",
					"$(inherited)",
				);
				GCC_SYMBOLS_PRIVATE_EXTERN = NO;
				GCC_VERSION = com.apple.compilers.llvm.clang.1_0;
				GCC_WARN_ABOUT_RETURN_TYPE = YES;
				GCC_WARN_UNINITIALIZED_AUTOS = YES;
				GCC_WARN_UNUSED_VARIABLE = YES;
				IPHONEOS_DEPLOYMENT_TARGET = 5.1;
				PROVISIONING_PROFILE = "754CFAAF-AD93-4EB1-AAF0-5E44F9C33B4E";
				SDKROOT = iphoneos;
				TARGETED_DEVICE_FAMILY = "1,2";
			};
			name = Debug;
		};
		94D97EAE15E685AF007265AF /* Release */ = {
			isa = XCBuildConfiguration;
			buildSettings = {
				ALWAYS_SEARCH_USER_PATHS = NO;
				ARCHS = "$(ARCHS_STANDARD_32_BIT)";
				CLANG_CXX_LANGUAGE_STANDARD = "gnu++0x";
				CLANG_ENABLE_OBJC_ARC = YES;
				CLANG_WARN__DUPLICATE_METHOD_MATCH = YES;
				CODE_SIGN_IDENTITY = "iPhone Developer: Norman Richards (QM32UEJ7XN)";
				COPY_PHASE_STRIP = YES;
				GCC_C_LANGUAGE_STANDARD = gnu99;
				GCC_VERSION = com.apple.compilers.llvm.clang.1_0;
				GCC_WARN_ABOUT_RETURN_TYPE = YES;
				GCC_WARN_UNINITIALIZED_AUTOS = YES;
				GCC_WARN_UNUSED_VARIABLE = YES;
				IPHONEOS_DEPLOYMENT_TARGET = 5.1;
				OTHER_CFLAGS = "-DNS_BLOCK_ASSERTIONS=1";
				PROVISIONING_PROFILE = "754CFAAF-AD93-4EB1-AAF0-5E44F9C33B4E";
				SDKROOT = iphoneos;
				TARGETED_DEVICE_FAMILY = "1,2";
				VALIDATE_PRODUCT = YES;
			};
			name = Release;
		};
		94D97EB015E685AF007265AF /* Debug */ = {
			isa = XCBuildConfiguration;
			buildSettings = {
				CODE_SIGN_ENTITLEMENTS = fencester/fencester.entitlements;
				CODE_SIGN_IDENTITY = "iPhone Developer: Norman Richards (QM32UEJ7XN)";
				"CODE_SIGN_IDENTITY[sdk=iphoneos*]" = "iPhone Developer";
				FRAMEWORK_SEARCH_PATHS = (
					"$(inherited)",
					"\"$(SRCROOT)\"",
				);
				GCC_PRECOMPILE_PREFIX_HEADER = YES;
				GCC_PREFIX_HEADER = "fencester/fencester-Prefix.pch";
				"HEADER_SEARCH_PATHS[arch=*]" = "Airship/**";
				INFOPLIST_FILE = "fencester/fencester-Info.plist";
				LIBRARY_SEARCH_PATHS = (
					"$(inherited)",
					"\"$(SRCROOT)/Airship\"",
				);
				PRODUCT_NAME = "$(TARGET_NAME)";
				PROVISIONING_PROFILE = "2F184DA2-CD44-40AB-B6E9-CB30575B7F4A";
				"PROVISIONING_PROFILE[sdk=iphoneos*]" = "";
				WRAPPER_EXTENSION = app;
			};
			name = Debug;
		};
		94D97EB115E685AF007265AF /* Release */ = {
			isa = XCBuildConfiguration;
			buildSettings = {
				CODE_SIGN_ENTITLEMENTS = fencester/fencester.entitlements;
				CODE_SIGN_IDENTITY = "iPhone Developer: Norman Richards (QM32UEJ7XN)";
				"CODE_SIGN_IDENTITY[sdk=iphoneos*]" = "iPhone Developer";
				FRAMEWORK_SEARCH_PATHS = (
					"$(inherited)",
					"\"$(SRCROOT)\"",
				);
				GCC_PRECOMPILE_PREFIX_HEADER = YES;
				GCC_PREFIX_HEADER = "fencester/fencester-Prefix.pch";
				"HEADER_SEARCH_PATHS[arch=*]" = "Airship/**";
				INFOPLIST_FILE = "fencester/fencester-Info.plist";
				LIBRARY_SEARCH_PATHS = (
					"$(inherited)",
					"\"$(SRCROOT)/Airship\"",
				);
				PRODUCT_NAME = "$(TARGET_NAME)";
				PROVISIONING_PROFILE = "2F184DA2-CD44-40AB-B6E9-CB30575B7F4A";
				"PROVISIONING_PROFILE[sdk=iphoneos*]" = "";
				WRAPPER_EXTENSION = app;
			};
			name = Release;
		};
		94D97EB315E685AF007265AF /* Debug */ = {
			isa = XCBuildConfiguration;
			buildSettings = {
				BUNDLE_LOADER = "$(BUILT_PRODUCTS_DIR)/fencester.app/fencester";
				FRAMEWORK_SEARCH_PATHS = (
					"\"$(SDKROOT)/Developer/Library/Frameworks\"",
					"\"$(DEVELOPER_LIBRARY_DIR)/Frameworks\"",
				);
				GCC_PRECOMPILE_PREFIX_HEADER = YES;
				GCC_PREFIX_HEADER = "fencester/fencester-Prefix.pch";
				INFOPLIST_FILE = "fencesterTests/fencesterTests-Info.plist";
				PRODUCT_NAME = "$(TARGET_NAME)";
				TEST_HOST = "$(BUNDLE_LOADER)";
				WRAPPER_EXTENSION = octest;
			};
			name = Debug;
		};
		94D97EB415E685AF007265AF /* Release */ = {
			isa = XCBuildConfiguration;
			buildSettings = {
				BUNDLE_LOADER = "$(BUILT_PRODUCTS_DIR)/fencester.app/fencester";
				FRAMEWORK_SEARCH_PATHS = (
					"\"$(SDKROOT)/Developer/Library/Frameworks\"",
					"\"$(DEVELOPER_LIBRARY_DIR)/Frameworks\"",
				);
				GCC_PRECOMPILE_PREFIX_HEADER = YES;
				GCC_PREFIX_HEADER = "fencester/fencester-Prefix.pch";
				INFOPLIST_FILE = "fencesterTests/fencesterTests-Info.plist";
				PRODUCT_NAME = "$(TARGET_NAME)";
				TEST_HOST = "$(BUNDLE_LOADER)";
				WRAPPER_EXTENSION = octest;
			};
			name = Release;
		};
/* End XCBuildConfiguration section */

/* Begin XCConfigurationList section */
		94D97E6215E685AF007265AF /* Build configuration list for PBXProject "fencester" */ = {
			isa = XCConfigurationList;
			buildConfigurations = (
				94D97EAD15E685AF007265AF /* Debug */,
				94D97EAE15E685AF007265AF /* Release */,
			);
			defaultConfigurationIsVisible = 0;
			defaultConfigurationName = Release;
		};
		94D97EAF15E685AF007265AF /* Build configuration list for PBXNativeTarget "fencester" */ = {
			isa = XCConfigurationList;
			buildConfigurations = (
				94D97EB015E685AF007265AF /* Debug */,
				94D97EB115E685AF007265AF /* Release */,
			);
			defaultConfigurationIsVisible = 0;
			defaultConfigurationName = Release;
		};
		94D97EB215E685AF007265AF /* Build configuration list for PBXNativeTarget "fencesterTests" */ = {
			isa = XCConfigurationList;
			buildConfigurations = (
				94D97EB315E685AF007265AF /* Debug */,
				94D97EB415E685AF007265AF /* Release */,
			);
			defaultConfigurationIsVisible = 0;
			defaultConfigurationName = Release;
		};
/* End XCConfigurationList section */
	};
	rootObject = 94D97E5F15E685AF007265AF /* Project object */;
}
