// !$*UTF8*$!
{
	archiveVersion = 1;
	classes = {
	};
	objectVersion = 46;
	objects = {

/* Begin PBXBuildFile section */
		94E75B5015E6822C0085EFD9 /* UIKit.framework in Frameworks */ = {isa = PBXBuildFile; fileRef = 94E75B4F15E6822C0085EFD9 /* UIKit.framework */; };
		94E75B5215E6822C0085EFD9 /* Foundation.framework in Frameworks */ = {isa = PBXBuildFile; fileRef = 94E75B5115E6822C0085EFD9 /* Foundation.framework */; };
		94E75B5415E6822C0085EFD9 /* CoreGraphics.framework in Frameworks */ = {isa = PBXBuildFile; fileRef = 94E75B5315E6822C0085EFD9 /* CoreGraphics.framework */; };
		94E75B5A15E6822C0085EFD9 /* InfoPlist.strings in Resources */ = {isa = PBXBuildFile; fileRef = 94E75B5815E6822C0085EFD9 /* InfoPlist.strings */; };
		94E75B5C15E6822C0085EFD9 /* main.m in Sources */ = {isa = PBXBuildFile; fileRef = 94E75B5B15E6822C0085EFD9 /* main.m */; };
		94E75B6015E6822C0085EFD9 /* FNSAppDelegate.m in Sources */ = {isa = PBXBuildFile; fileRef = 94E75B5F15E6822C0085EFD9 /* FNSAppDelegate.m */; };
		94E75B6315E6822C0085EFD9 /* FNSFirstViewController.m in Sources */ = {isa = PBXBuildFile; fileRef = 94E75B6215E6822C0085EFD9 /* FNSFirstViewController.m */; };
		94E75B6515E6822C0085EFD9 /* first.png in Resources */ = {isa = PBXBuildFile; fileRef = 94E75B6415E6822C0085EFD9 /* first.png */; };
		94E75B6715E6822C0085EFD9 /* first@2x.png in Resources */ = {isa = PBXBuildFile; fileRef = 94E75B6615E6822C0085EFD9 /* first@2x.png */; };
		94E75B6A15E6822C0085EFD9 /* FNSSecondViewController.m in Sources */ = {isa = PBXBuildFile; fileRef = 94E75B6915E6822C0085EFD9 /* FNSSecondViewController.m */; };
		94E75B6C15E6822C0085EFD9 /* second.png in Resources */ = {isa = PBXBuildFile; fileRef = 94E75B6B15E6822C0085EFD9 /* second.png */; };
		94E75B6E15E6822C0085EFD9 /* second@2x.png in Resources */ = {isa = PBXBuildFile; fileRef = 94E75B6D15E6822C0085EFD9 /* second@2x.png */; };
		94E75B7115E6822C0085EFD9 /* FNSFirstViewController_iPhone.xib in Resources */ = {isa = PBXBuildFile; fileRef = 94E75B6F15E6822C0085EFD9 /* FNSFirstViewController_iPhone.xib */; };
		94E75B7415E6822C0085EFD9 /* FNSFirstViewController_iPad.xib in Resources */ = {isa = PBXBuildFile; fileRef = 94E75B7215E6822C0085EFD9 /* FNSFirstViewController_iPad.xib */; };
		94E75B7715E6822C0085EFD9 /* FNSSecondViewController_iPhone.xib in Resources */ = {isa = PBXBuildFile; fileRef = 94E75B7515E6822C0085EFD9 /* FNSSecondViewController_iPhone.xib */; };
		94E75B7A15E6822C0085EFD9 /* FNSSecondViewController_iPad.xib in Resources */ = {isa = PBXBuildFile; fileRef = 94E75B7815E6822C0085EFD9 /* FNSSecondViewController_iPad.xib */; };
		94E75B8215E6822C0085EFD9 /* SenTestingKit.framework in Frameworks */ = {isa = PBXBuildFile; fileRef = 94E75B8115E6822C0085EFD9 /* SenTestingKit.framework */; };
		94E75B8315E6822C0085EFD9 /* UIKit.framework in Frameworks */ = {isa = PBXBuildFile; fileRef = 94E75B4F15E6822C0085EFD9 /* UIKit.framework */; };
		94E75B8415E6822C0085EFD9 /* Foundation.framework in Frameworks */ = {isa = PBXBuildFile; fileRef = 94E75B5115E6822C0085EFD9 /* Foundation.framework */; };
		94E75B8C15E6822C0085EFD9 /* InfoPlist.strings in Resources */ = {isa = PBXBuildFile; fileRef = 94E75B8A15E6822C0085EFD9 /* InfoPlist.strings */; };
		94E75B8F15E6822C0085EFD9 /* fensterTests.m in Sources */ = {isa = PBXBuildFile; fileRef = 94E75B8E15E6822C0085EFD9 /* fensterTests.m */; };
/* End PBXBuildFile section */

/* Begin PBXContainerItemProxy section */
		94E75B8515E6822C0085EFD9 /* PBXContainerItemProxy */ = {
			isa = PBXContainerItemProxy;
			containerPortal = 94E75B4215E6822C0085EFD9 /* Project object */;
			proxyType = 1;
			remoteGlobalIDString = 94E75B4A15E6822C0085EFD9;
			remoteInfo = fenster;
		};
/* End PBXContainerItemProxy section */

/* Begin PBXFileReference section */
		94E75B4B15E6822C0085EFD9 /* fenster.app */ = {isa = PBXFileReference; explicitFileType = wrapper.application; includeInIndex = 0; path = fenster.app; sourceTree = BUILT_PRODUCTS_DIR; };
		94E75B4F15E6822C0085EFD9 /* UIKit.framework */ = {isa = PBXFileReference; lastKnownFileType = wrapper.framework; name = UIKit.framework; path = System/Library/Frameworks/UIKit.framework; sourceTree = SDKROOT; };
		94E75B5115E6822C0085EFD9 /* Foundation.framework */ = {isa = PBXFileReference; lastKnownFileType = wrapper.framework; name = Foundation.framework; path = System/Library/Frameworks/Foundation.framework; sourceTree = SDKROOT; };
		94E75B5315E6822C0085EFD9 /* CoreGraphics.framework */ = {isa = PBXFileReference; lastKnownFileType = wrapper.framework; name = CoreGraphics.framework; path = System/Library/Frameworks/CoreGraphics.framework; sourceTree = SDKROOT; };
		94E75B5715E6822C0085EFD9 /* fenster-Info.plist */ = {isa = PBXFileReference; lastKnownFileType = text.plist.xml; path = "fenster-Info.plist"; sourceTree = "<group>"; };
		94E75B5915E6822C0085EFD9 /* en */ = {isa = PBXFileReference; lastKnownFileType = text.plist.strings; name = en; path = en.lproj/InfoPlist.strings; sourceTree = "<group>"; };
		94E75B5B15E6822C0085EFD9 /* main.m */ = {isa = PBXFileReference; lastKnownFileType = sourcecode.c.objc; path = main.m; sourceTree = "<group>"; };
		94E75B5D15E6822C0085EFD9 /* fenster-Prefix.pch */ = {isa = PBXFileReference; lastKnownFileType = sourcecode.c.h; path = "fenster-Prefix.pch"; sourceTree = "<group>"; };
		94E75B5E15E6822C0085EFD9 /* FNSAppDelegate.h */ = {isa = PBXFileReference; lastKnownFileType = sourcecode.c.h; path = FNSAppDelegate.h; sourceTree = "<group>"; };
		94E75B5F15E6822C0085EFD9 /* FNSAppDelegate.m */ = {isa = PBXFileReference; lastKnownFileType = sourcecode.c.objc; path = FNSAppDelegate.m; sourceTree = "<group>"; };
		94E75B6115E6822C0085EFD9 /* FNSFirstViewController.h */ = {isa = PBXFileReference; lastKnownFileType = sourcecode.c.h; path = FNSFirstViewController.h; sourceTree = "<group>"; };
		94E75B6215E6822C0085EFD9 /* FNSFirstViewController.m */ = {isa = PBXFileReference; lastKnownFileType = sourcecode.c.objc; path = FNSFirstViewController.m; sourceTree = "<group>"; };
		94E75B6415E6822C0085EFD9 /* first.png */ = {isa = PBXFileReference; lastKnownFileType = image.png; path = first.png; sourceTree = "<group>"; };
		94E75B6615E6822C0085EFD9 /* first@2x.png */ = {isa = PBXFileReference; lastKnownFileType = image.png; path = "first@2x.png"; sourceTree = "<group>"; };
		94E75B6815E6822C0085EFD9 /* FNSSecondViewController.h */ = {isa = PBXFileReference; lastKnownFileType = sourcecode.c.h; path = FNSSecondViewController.h; sourceTree = "<group>"; };
		94E75B6915E6822C0085EFD9 /* FNSSecondViewController.m */ = {isa = PBXFileReference; lastKnownFileType = sourcecode.c.objc; path = FNSSecondViewController.m; sourceTree = "<group>"; };
		94E75B6B15E6822C0085EFD9 /* second.png */ = {isa = PBXFileReference; lastKnownFileType = image.png; path = second.png; sourceTree = "<group>"; };
		94E75B6D15E6822C0085EFD9 /* second@2x.png */ = {isa = PBXFileReference; lastKnownFileType = image.png; path = "second@2x.png"; sourceTree = "<group>"; };
		94E75B7015E6822C0085EFD9 /* en */ = {isa = PBXFileReference; lastKnownFileType = file.xib; name = en; path = en.lproj/FNSFirstViewController_iPhone.xib; sourceTree = "<group>"; };
		94E75B7315E6822C0085EFD9 /* en */ = {isa = PBXFileReference; lastKnownFileType = file.xib; name = en; path = en.lproj/FNSFirstViewController_iPad.xib; sourceTree = "<group>"; };
		94E75B7615E6822C0085EFD9 /* en */ = {isa = PBXFileReference; lastKnownFileType = file.xib; name = en; path = en.lproj/FNSSecondViewController_iPhone.xib; sourceTree = "<group>"; };
		94E75B7915E6822C0085EFD9 /* en */ = {isa = PBXFileReference; lastKnownFileType = file.xib; name = en; path = en.lproj/FNSSecondViewController_iPad.xib; sourceTree = "<group>"; };
		94E75B8015E6822C0085EFD9 /* fensterTests.octest */ = {isa = PBXFileReference; explicitFileType = wrapper.cfbundle; includeInIndex = 0; path = fensterTests.octest; sourceTree = BUILT_PRODUCTS_DIR; };
		94E75B8115E6822C0085EFD9 /* SenTestingKit.framework */ = {isa = PBXFileReference; lastKnownFileType = wrapper.framework; name = SenTestingKit.framework; path = Library/Frameworks/SenTestingKit.framework; sourceTree = DEVELOPER_DIR; };
		94E75B8915E6822C0085EFD9 /* fensterTests-Info.plist */ = {isa = PBXFileReference; lastKnownFileType = text.plist.xml; path = "fensterTests-Info.plist"; sourceTree = "<group>"; };
		94E75B8B15E6822C0085EFD9 /* en */ = {isa = PBXFileReference; lastKnownFileType = text.plist.strings; name = en; path = en.lproj/InfoPlist.strings; sourceTree = "<group>"; };
		94E75B8D15E6822C0085EFD9 /* fensterTests.h */ = {isa = PBXFileReference; lastKnownFileType = sourcecode.c.h; path = fensterTests.h; sourceTree = "<group>"; };
		94E75B8E15E6822C0085EFD9 /* fensterTests.m */ = {isa = PBXFileReference; lastKnownFileType = sourcecode.c.objc; path = fensterTests.m; sourceTree = "<group>"; };
/* End PBXFileReference section */

/* Begin PBXFrameworksBuildPhase section */
		94E75B4815E6822C0085EFD9 /* Frameworks */ = {
			isa = PBXFrameworksBuildPhase;
			buildActionMask = 2147483647;
			files = (
				94E75B5015E6822C0085EFD9 /* UIKit.framework in Frameworks */,
				94E75B5215E6822C0085EFD9 /* Foundation.framework in Frameworks */,
				94E75B5415E6822C0085EFD9 /* CoreGraphics.framework in Frameworks */,
			);
			runOnlyForDeploymentPostprocessing = 0;
		};
		94E75B7C15E6822C0085EFD9 /* Frameworks */ = {
			isa = PBXFrameworksBuildPhase;
			buildActionMask = 2147483647;
			files = (
				94E75B8215E6822C0085EFD9 /* SenTestingKit.framework in Frameworks */,
				94E75B8315E6822C0085EFD9 /* UIKit.framework in Frameworks */,
				94E75B8415E6822C0085EFD9 /* Foundation.framework in Frameworks */,
			);
			runOnlyForDeploymentPostprocessing = 0;
		};
/* End PBXFrameworksBuildPhase section */

/* Begin PBXGroup section */
		94E75B4015E6822C0085EFD9 = {
			isa = PBXGroup;
			children = (
				94E75B5515E6822C0085EFD9 /* fenster */,
				94E75B8715E6822C0085EFD9 /* fensterTests */,
				94E75B4E15E6822C0085EFD9 /* Frameworks */,
				94E75B4C15E6822C0085EFD9 /* Products */,
			);
			sourceTree = "<group>";
		};
		94E75B4C15E6822C0085EFD9 /* Products */ = {
			isa = PBXGroup;
			children = (
				94E75B4B15E6822C0085EFD9 /* fenster.app */,
				94E75B8015E6822C0085EFD9 /* fensterTests.octest */,
			);
			name = Products;
			sourceTree = "<group>";
		};
		94E75B4E15E6822C0085EFD9 /* Frameworks */ = {
			isa = PBXGroup;
			children = (
				94E75B4F15E6822C0085EFD9 /* UIKit.framework */,
				94E75B5115E6822C0085EFD9 /* Foundation.framework */,
				94E75B5315E6822C0085EFD9 /* CoreGraphics.framework */,
				94E75B8115E6822C0085EFD9 /* SenTestingKit.framework */,
			);
			name = Frameworks;
			sourceTree = "<group>";
		};
		94E75B5515E6822C0085EFD9 /* fenster */ = {
			isa = PBXGroup;
			children = (
				94E75B5E15E6822C0085EFD9 /* FNSAppDelegate.h */,
				94E75B5F15E6822C0085EFD9 /* FNSAppDelegate.m */,
				94E75B6115E6822C0085EFD9 /* FNSFirstViewController.h */,
				94E75B6215E6822C0085EFD9 /* FNSFirstViewController.m */,
				94E75B6415E6822C0085EFD9 /* first.png */,
				94E75B6615E6822C0085EFD9 /* first@2x.png */,
				94E75B6815E6822C0085EFD9 /* FNSSecondViewController.h */,
				94E75B6915E6822C0085EFD9 /* FNSSecondViewController.m */,
				94E75B6B15E6822C0085EFD9 /* second.png */,
				94E75B6D15E6822C0085EFD9 /* second@2x.png */,
				94E75B6F15E6822C0085EFD9 /* FNSFirstViewController_iPhone.xib */,
				94E75B7215E6822C0085EFD9 /* FNSFirstViewController_iPad.xib */,
				94E75B7515E6822C0085EFD9 /* FNSSecondViewController_iPhone.xib */,
				94E75B7815E6822C0085EFD9 /* FNSSecondViewController_iPad.xib */,
				94E75B5615E6822C0085EFD9 /* Supporting Files */,
			);
			path = fenster;
			sourceTree = "<group>";
		};
		94E75B5615E6822C0085EFD9 /* Supporting Files */ = {
			isa = PBXGroup;
			children = (
				94E75B5715E6822C0085EFD9 /* fenster-Info.plist */,
				94E75B5815E6822C0085EFD9 /* InfoPlist.strings */,
				94E75B5B15E6822C0085EFD9 /* main.m */,
				94E75B5D15E6822C0085EFD9 /* fenster-Prefix.pch */,
			);
			name = "Supporting Files";
			sourceTree = "<group>";
		};
		94E75B8715E6822C0085EFD9 /* fensterTests */ = {
			isa = PBXGroup;
			children = (
				94E75B8D15E6822C0085EFD9 /* fensterTests.h */,
				94E75B8E15E6822C0085EFD9 /* fensterTests.m */,
				94E75B8815E6822C0085EFD9 /* Supporting Files */,
			);
			path = fensterTests;
			sourceTree = "<group>";
		};
		94E75B8815E6822C0085EFD9 /* Supporting Files */ = {
			isa = PBXGroup;
			children = (
				94E75B8915E6822C0085EFD9 /* fensterTests-Info.plist */,
				94E75B8A15E6822C0085EFD9 /* InfoPlist.strings */,
			);
			name = "Supporting Files";
			sourceTree = "<group>";
		};
/* End PBXGroup section */

/* Begin PBXNativeTarget section */
		94E75B4A15E6822C0085EFD9 /* fenster */ = {
			isa = PBXNativeTarget;
			buildConfigurationList = 94E75B9215E6822C0085EFD9 /* Build configuration list for PBXNativeTarget "fenster" */;
			buildPhases = (
				94E75B4715E6822C0085EFD9 /* Sources */,
				94E75B4815E6822C0085EFD9 /* Frameworks */,
				94E75B4915E6822C0085EFD9 /* Resources */,
			);
			buildRules = (
			);
			dependencies = (
			);
			name = fenster;
			productName = fenster;
			productReference = 94E75B4B15E6822C0085EFD9 /* fenster.app */;
			productType = "com.apple.product-type.application";
		};
		94E75B7F15E6822C0085EFD9 /* fensterTests */ = {
			isa = PBXNativeTarget;
			buildConfigurationList = 94E75B9515E6822C0085EFD9 /* Build configuration list for PBXNativeTarget "fensterTests" */;
			buildPhases = (
				94E75B7B15E6822C0085EFD9 /* Sources */,
				94E75B7C15E6822C0085EFD9 /* Frameworks */,
				94E75B7D15E6822C0085EFD9 /* Resources */,
				94E75B7E15E6822C0085EFD9 /* ShellScript */,
			);
			buildRules = (
			);
			dependencies = (
				94E75B8615E6822C0085EFD9 /* PBXTargetDependency */,
			);
			name = fensterTests;
			productName = fensterTests;
			productReference = 94E75B8015E6822C0085EFD9 /* fensterTests.octest */;
			productType = "com.apple.product-type.bundle";
		};
/* End PBXNativeTarget section */

/* Begin PBXProject section */
		94E75B4215E6822C0085EFD9 /* Project object */ = {
			isa = PBXProject;
			attributes = {
				CLASSPREFIX = FNS;
				LastUpgradeCheck = 0440;
				ORGANIZATIONNAME = hackday;
			};
			buildConfigurationList = 94E75B4515E6822C0085EFD9 /* Build configuration list for PBXProject "fenster" */;
			compatibilityVersion = "Xcode 3.2";
			developmentRegion = English;
			hasScannedForEncodings = 0;
			knownRegions = (
				en,
			);
			mainGroup = 94E75B4015E6822C0085EFD9;
			productRefGroup = 94E75B4C15E6822C0085EFD9 /* Products */;
			projectDirPath = "";
			projectRoot = "";
			targets = (
				94E75B4A15E6822C0085EFD9 /* fenster */,
				94E75B7F15E6822C0085EFD9 /* fensterTests */,
			);
		};
/* End PBXProject section */

/* Begin PBXResourcesBuildPhase section */
		94E75B4915E6822C0085EFD9 /* Resources */ = {
			isa = PBXResourcesBuildPhase;
			buildActionMask = 2147483647;
			files = (
				94E75B5A15E6822C0085EFD9 /* InfoPlist.strings in Resources */,
				94E75B6515E6822C0085EFD9 /* first.png in Resources */,
				94E75B6715E6822C0085EFD9 /* first@2x.png in Resources */,
				94E75B6C15E6822C0085EFD9 /* second.png in Resources */,
				94E75B6E15E6822C0085EFD9 /* second@2x.png in Resources */,
				94E75B7115E6822C0085EFD9 /* FNSFirstViewController_iPhone.xib in Resources */,
				94E75B7415E6822C0085EFD9 /* FNSFirstViewController_iPad.xib in Resources */,
				94E75B7715E6822C0085EFD9 /* FNSSecondViewController_iPhone.xib in Resources */,
				94E75B7A15E6822C0085EFD9 /* FNSSecondViewController_iPad.xib in Resources */,
			);
			runOnlyForDeploymentPostprocessing = 0;
		};
		94E75B7D15E6822C0085EFD9 /* Resources */ = {
			isa = PBXResourcesBuildPhase;
			buildActionMask = 2147483647;
			files = (
				94E75B8C15E6822C0085EFD9 /* InfoPlist.strings in Resources */,
			);
			runOnlyForDeploymentPostprocessing = 0;
		};
/* End PBXResourcesBuildPhase section */

/* Begin PBXShellScriptBuildPhase section */
		94E75B7E15E6822C0085EFD9 /* ShellScript */ = {
			isa = PBXShellScriptBuildPhase;
			buildActionMask = 2147483647;
			files = (
			);
			inputPaths = (
			);
			outputPaths = (
			);
			runOnlyForDeploymentPostprocessing = 0;
			shellPath = /bin/sh;
			shellScript = "# Run the unit tests in this test bundle.\n\"${SYSTEM_DEVELOPER_DIR}/Tools/RunUnitTests\"\n";
		};
/* End PBXShellScriptBuildPhase section */

/* Begin PBXSourcesBuildPhase section */
		94E75B4715E6822C0085EFD9 /* Sources */ = {
			isa = PBXSourcesBuildPhase;
			buildActionMask = 2147483647;
			files = (
				94E75B5C15E6822C0085EFD9 /* main.m in Sources */,
				94E75B6015E6822C0085EFD9 /* FNSAppDelegate.m in Sources */,
				94E75B6315E6822C0085EFD9 /* FNSFirstViewController.m in Sources */,
				94E75B6A15E6822C0085EFD9 /* FNSSecondViewController.m in Sources */,
			);
			runOnlyForDeploymentPostprocessing = 0;
		};
		94E75B7B15E6822C0085EFD9 /* Sources */ = {
			isa = PBXSourcesBuildPhase;
			buildActionMask = 2147483647;
			files = (
				94E75B8F15E6822C0085EFD9 /* fensterTests.m in Sources */,
			);
			runOnlyForDeploymentPostprocessing = 0;
		};
/* End PBXSourcesBuildPhase section */

/* Begin PBXTargetDependency section */
		94E75B8615E6822C0085EFD9 /* PBXTargetDependency */ = {
			isa = PBXTargetDependency;
			target = 94E75B4A15E6822C0085EFD9 /* fenster */;
			targetProxy = 94E75B8515E6822C0085EFD9 /* PBXContainerItemProxy */;
		};
/* End PBXTargetDependency section */

/* Begin PBXVariantGroup section */
		94E75B5815E6822C0085EFD9 /* InfoPlist.strings */ = {
			isa = PBXVariantGroup;
			children = (
				94E75B5915E6822C0085EFD9 /* en */,
			);
			name = InfoPlist.strings;
			sourceTree = "<group>";
		};
		94E75B6F15E6822C0085EFD9 /* FNSFirstViewController_iPhone.xib */ = {
			isa = PBXVariantGroup;
			children = (
				94E75B7015E6822C0085EFD9 /* en */,
			);
			name = FNSFirstViewController_iPhone.xib;
			sourceTree = "<group>";
		};
		94E75B7215E6822C0085EFD9 /* FNSFirstViewController_iPad.xib */ = {
			isa = PBXVariantGroup;
			children = (
				94E75B7315E6822C0085EFD9 /* en */,
			);
			name = FNSFirstViewController_iPad.xib;
			sourceTree = "<group>";
		};
		94E75B7515E6822C0085EFD9 /* FNSSecondViewController_iPhone.xib */ = {
			isa = PBXVariantGroup;
			children = (
				94E75B7615E6822C0085EFD9 /* en */,
			);
			name = FNSSecondViewController_iPhone.xib;
			sourceTree = "<group>";
		};
		94E75B7815E6822C0085EFD9 /* FNSSecondViewController_iPad.xib */ = {
			isa = PBXVariantGroup;
			children = (
				94E75B7915E6822C0085EFD9 /* en */,
			);
			name = FNSSecondViewController_iPad.xib;
			sourceTree = "<group>";
		};
		94E75B8A15E6822C0085EFD9 /* InfoPlist.strings */ = {
			isa = PBXVariantGroup;
			children = (
				94E75B8B15E6822C0085EFD9 /* en */,
			);
			name = InfoPlist.strings;
			sourceTree = "<group>";
		};
/* End PBXVariantGroup section */

/* Begin XCBuildConfiguration section */
		94E75B9015E6822C0085EFD9 /* Debug */ = {
			isa = XCBuildConfiguration;
			buildSettings = {
				ALWAYS_SEARCH_USER_PATHS = NO;
				ARCHS = "$(ARCHS_STANDARD_32_BIT)";
				CLANG_CXX_LANGUAGE_STANDARD = "gnu++0x";
				CLANG_ENABLE_OBJC_ARC = YES;
				CLANG_WARN__DUPLICATE_METHOD_MATCH = YES;
				"CODE_SIGN_IDENTITY[sdk=iphoneos*]" = "iPhone Developer";
				COPY_PHASE_STRIP = NO;
				GCC_C_LANGUAGE_STANDARD = gnu99;
				GCC_DYNAMIC_NO_PIC = NO;
				GCC_OPTIMIZATION_LEVEL = 0;
				GCC_PREPROCESSOR_DEFINITIONS = (
					"DEBUG=1",
					"$(inherited)",
				);
				GCC_SYMBOLS_PRIVATE_EXTERN = NO;
				GCC_VERSION = com.apple.compilers.llvm.clang.1_0;
				GCC_WARN_ABOUT_RETURN_TYPE = YES;
				GCC_WARN_UNINITIALIZED_AUTOS = YES;
				GCC_WARN_UNUSED_VARIABLE = YES;
				IPHONEOS_DEPLOYMENT_TARGET = 5.1;
				SDKROOT = iphoneos;
				TARGETED_DEVICE_FAMILY = "1,2";
			};
			name = Debug;
		};
		94E75B9115E6822C0085EFD9 /* Release */ = {
			isa = XCBuildConfiguration;
			buildSettings = {
				ALWAYS_SEARCH_USER_PATHS = NO;
				ARCHS = "$(ARCHS_STANDARD_32_BIT)";
				CLANG_CXX_LANGUAGE_STANDARD = "gnu++0x";
				CLANG_ENABLE_OBJC_ARC = YES;
				CLANG_WARN__DUPLICATE_METHOD_MATCH = YES;
				"CODE_SIGN_IDENTITY[sdk=iphoneos*]" = "iPhone Developer";
				COPY_PHASE_STRIP = YES;
				GCC_C_LANGUAGE_STANDARD = gnu99;
				GCC_VERSION = com.apple.compilers.llvm.clang.1_0;
				GCC_WARN_ABOUT_RETURN_TYPE = YES;
				GCC_WARN_UNINITIALIZED_AUTOS = YES;
				GCC_WARN_UNUSED_VARIABLE = YES;
				IPHONEOS_DEPLOYMENT_TARGET = 5.1;
				OTHER_CFLAGS = "-DNS_BLOCK_ASSERTIONS=1";
				SDKROOT = iphoneos;
				TARGETED_DEVICE_FAMILY = "1,2";
				VALIDATE_PRODUCT = YES;
			};
			name = Release;
		};
		94E75B9315E6822C0085EFD9 /* Debug */ = {
			isa = XCBuildConfiguration;
			buildSettings = {
				GCC_PRECOMPILE_PREFIX_HEADER = YES;
				GCC_PREFIX_HEADER = "fenster/fenster-Prefix.pch";
				INFOPLIST_FILE = "fenster/fenster-Info.plist";
				PRODUCT_NAME = "$(TARGET_NAME)";
				WRAPPER_EXTENSION = app;
			};
			name = Debug;
		};
		94E75B9415E6822C0085EFD9 /* Release */ = {
			isa = XCBuildConfiguration;
			buildSettings = {
				GCC_PRECOMPILE_PREFIX_HEADER = YES;
				GCC_PREFIX_HEADER = "fenster/fenster-Prefix.pch";
				INFOPLIST_FILE = "fenster/fenster-Info.plist";
				PRODUCT_NAME = "$(TARGET_NAME)";
				WRAPPER_EXTENSION = app;
			};
			name = Release;
		};
		94E75B9615E6822C0085EFD9 /* Debug */ = {
			isa = XCBuildConfiguration;
			buildSettings = {
				BUNDLE_LOADER = "$(BUILT_PRODUCTS_DIR)/fenster.app/fenster";
				FRAMEWORK_SEARCH_PATHS = (
					"\"$(SDKROOT)/Developer/Library/Frameworks\"",
					"\"$(DEVELOPER_LIBRARY_DIR)/Frameworks\"",
				);
				GCC_PRECOMPILE_PREFIX_HEADER = YES;
				GCC_PREFIX_HEADER = "fenster/fenster-Prefix.pch";
				INFOPLIST_FILE = "fensterTests/fensterTests-Info.plist";
				PRODUCT_NAME = "$(TARGET_NAME)";
				TEST_HOST = "$(BUNDLE_LOADER)";
				WRAPPER_EXTENSION = octest;
			};
			name = Debug;
		};
		94E75B9715E6822C0085EFD9 /* Release */ = {
			isa = XCBuildConfiguration;
			buildSettings = {
				BUNDLE_LOADER = "$(BUILT_PRODUCTS_DIR)/fenster.app/fenster";
				FRAMEWORK_SEARCH_PATHS = (
					"\"$(SDKROOT)/Developer/Library/Frameworks\"",
					"\"$(DEVELOPER_LIBRARY_DIR)/Frameworks\"",
				);
				GCC_PRECOMPILE_PREFIX_HEADER = YES;
				GCC_PREFIX_HEADER = "fenster/fenster-Prefix.pch";
				INFOPLIST_FILE = "fensterTests/fensterTests-Info.plist";
				PRODUCT_NAME = "$(TARGET_NAME)";
				TEST_HOST = "$(BUNDLE_LOADER)";
				WRAPPER_EXTENSION = octest;
			};
			name = Release;
		};
/* End XCBuildConfiguration section */

/* Begin XCConfigurationList section */
		94E75B4515E6822C0085EFD9 /* Build configuration list for PBXProject "fenster" */ = {
			isa = XCConfigurationList;
			buildConfigurations = (
				94E75B9015E6822C0085EFD9 /* Debug */,
				94E75B9115E6822C0085EFD9 /* Release */,
			);
			defaultConfigurationIsVisible = 0;
			defaultConfigurationName = Release;
		};
		94E75B9215E6822C0085EFD9 /* Build configuration list for PBXNativeTarget "fenster" */ = {
			isa = XCConfigurationList;
			buildConfigurations = (
				94E75B9315E6822C0085EFD9 /* Debug */,
				94E75B9415E6822C0085EFD9 /* Release */,
			);
			defaultConfigurationIsVisible = 0;
		};
		94E75B9515E6822C0085EFD9 /* Build configuration list for PBXNativeTarget "fensterTests" */ = {
			isa = XCConfigurationList;
			buildConfigurations = (
				94E75B9615E6822C0085EFD9 /* Debug */,
				94E75B9715E6822C0085EFD9 /* Release */,
			);
			defaultConfigurationIsVisible = 0;
		};
/* End XCConfigurationList section */
	};
	rootObject = 94E75B4215E6822C0085EFD9 /* Project object */;
}
